
Microsoft Visual Studio Solution File, Format Version 12.00
# Visual Studio Version 17
VisualStudioVersion = 17.3.32929.385
MinimumVisualStudioVersion = 10.0.40219.1
Project("{FAE04EC0-301F-11D3-BF4B-00C04F79EFBC}") = "HoraDoLanche.UWP", "HoraDoLanche\HoraDoLanche.UWP\HoraDoLanche.UWP.csproj", "{B191450A-FD43-4382-8974-B450F631D4DE}"
EndProject
Project("{FAE04EC0-301F-11D3-BF4B-00C04F79EFBC}") = "HoraDoLanche.Android", "HoraDoLanche\HoraDoLanche.Android\HoraDoLanche.Android.csproj", "{8F9B97C3-AACE-43AE-AB9D-075F777F9D13}"
EndProject
Project("{FAE04EC0-301F-11D3-BF4B-00C04F79EFBC}") = "HoraDoLanche.iOS", "HoraDoLanche\HoraDoLanche.iOS\HoraDoLanche.iOS.csproj", "{61BAE591-472C-46B6-B159-41BF3792FFD0}"
EndProject
Project("{FAE04EC0-301F-11D3-BF4B-00C04F79EFBC}") = "HoraDoLanche", "HoraDoLanche\HoraDoLanche\HoraDoLanche.csproj", "{2D1AE895-34F3-40CF-A43E-889941F0EC29}"
EndProject
Global
	GlobalSection(SolutionConfigurationPlatforms) = preSolution
		Debug|Any CPU = Debug|Any CPU
		Debug|ARM = Debug|ARM
		Debug|iPhone = Debug|iPhone
		Debug|iPhoneSimulator = Debug|iPhoneSimulator
		Debug|x64 = Debug|x64
		Debug|x86 = Debug|x86
		Release|Any CPU = Release|Any CPU
		Release|ARM = Release|ARM
		Release|iPhone = Release|iPhone
		Release|iPhoneSimulator = Release|iPhoneSimulator
		Release|x64 = Release|x64
		Release|x86 = Release|x86
	EndGlobalSection
	GlobalSection(ProjectConfigurationPlatforms) = postSolution
		{B191450A-FD43-4382-8974-B450F631D4DE}.Debug|Any CPU.ActiveCfg = Debug|x64
		{B191450A-FD43-4382-8974-B450F631D4DE}.Debug|Any CPU.Build.0 = Debug|x64
		{B191450A-FD43-4382-8974-B450F631D4DE}.Debug|Any CPU.Deploy.0 = Debug|x64
		{B191450A-FD43-4382-8974-B450F631D4DE}.Debug|ARM.ActiveCfg = Debug|ARM
		{B191450A-FD43-4382-8974-B450F631D4DE}.Debug|ARM.Build.0 = Debug|ARM
		{B191450A-FD43-4382-8974-B450F631D4DE}.Debug|ARM.Deploy.0 = Debug|ARM
		{B191450A-FD43-4382-8974-B450F631D4DE}.Debug|iPhone.ActiveCfg = Debug|x64
		{B191450A-FD43-4382-8974-B450F631D4DE}.Debug|iPhone.Build.0 = Debug|x64
		{B191450A-FD43-4382-8974-B450F631D4DE}.Debug|iPhone.Deploy.0 = Debug|x64
		{B191450A-FD43-4382-8974-B450F631D4DE}.Debug|iPhoneSimulator.ActiveCfg = Debug|x64
		{B191450A-FD43-4382-8974-B450F631D4DE}.Debug|iPhoneSimulator.Build.0 = Debug|x64
		{B191450A-FD43-4382-8974-B450F631D4DE}.Debug|iPhoneSimulator.Deploy.0 = Debug|x64
		{B191450A-FD43-4382-8974-B450F631D4DE}.Debug|x64.ActiveCfg = Debug|x64
		{B191450A-FD43-4382-8974-B450F631D4DE}.Debug|x64.Build.0 = Debug|x64
		{B191450A-FD43-4382-8974-B450F631D4DE}.Debug|x64.Deploy.0 = Debug|x64
		{B191450A-FD43-4382-8974-B450F631D4DE}.Debug|x86.ActiveCfg = Debug|x86
		{B191450A-FD43-4382-8974-B450F631D4DE}.Debug|x86.Build.0 = Debug|x86
		{B191450A-FD43-4382-8974-B450F631D4DE}.Debug|x86.Deploy.0 = Debug|x86
		{B191450A-FD43-4382-8974-B450F631D4DE}.Release|Any CPU.ActiveCfg = Release|x64
		{B191450A-FD43-4382-8974-B450F631D4DE}.Release|Any CPU.Build.0 = Release|x64
		{B191450A-FD43-4382-8974-B450F631D4DE}.Release|Any CPU.Deploy.0 = Release|x64
		{B191450A-FD43-4382-8974-B450F631D4DE}.Release|ARM.ActiveCfg = Release|ARM
		{B191450A-FD43-4382-8974-B450F631D4DE}.Release|ARM.Build.0 = Release|ARM
		{B191450A-FD43-4382-8974-B450F631D4DE}.Release|ARM.Deploy.0 = Release|ARM
		{B191450A-FD43-4382-8974-B450F631D4DE}.Release|iPhone.ActiveCfg = Release|x64
		{B191450A-FD43-4382-8974-B450F631D4DE}.Release|iPhone.Build.0 = Release|x64
		{B191450A-FD43-4382-8974-B450F631D4DE}.Release|iPhone.Deploy.0 = Release|x64
		{B191450A-FD43-4382-8974-B450F631D4DE}.Release|iPhoneSimulator.ActiveCfg = Release|x64
		{B191450A-FD43-4382-8974-B450F631D4DE}.Release|iPhoneSimulator.Build.0 = Release|x64
		{B191450A-FD43-4382-8974-B450F631D4DE}.Release|iPhoneSimulator.Deploy.0 = Release|x64
		{B191450A-FD43-4382-8974-B450F631D4DE}.Release|x64.ActiveCfg = Release|x64
		{B191450A-FD43-4382-8974-B450F631D4DE}.Release|x64.Build.0 = Release|x64
		{B191450A-FD43-4382-8974-B450F631D4DE}.Release|x64.Deploy.0 = Release|x64
		{B191450A-FD43-4382-8974-B450F631D4DE}.Release|x86.ActiveCfg = Release|x86
		{B191450A-FD43-4382-8974-B450F631D4DE}.Release|x86.Build.0 = Release|x86
		{B191450A-FD43-4382-8974-B450F631D4DE}.Release|x86.Deploy.0 = Release|x86
		{8F9B97C3-AACE-43AE-AB9D-075F777F9D13}.Debug|Any CPU.ActiveCfg = Debug|Any CPU
		{8F9B97C3-AACE-43AE-AB9D-075F777F9D13}.Debug|Any CPU.Build.0 = Debug|Any CPU
		{8F9B97C3-AACE-43AE-AB9D-075F777F9D13}.Debug|Any CPU.Deploy.0 = Debug|Any CPU
		{8F9B97C3-AACE-43AE-AB9D-075F777F9D13}.Debug|ARM.ActiveCfg = Debug|Any CPU
		{8F9B97C3-AACE-43AE-AB9D-075F777F9D13}.Debug|ARM.Build.0 = Debug|Any CPU
		{8F9B97C3-AACE-43AE-AB9D-075F777F9D13}.Debug|ARM.Deploy.0 = Debug|Any CPU
		{8F9B97C3-AACE-43AE-AB9D-075F777F9D13}.Debug|iPhone.ActiveCfg = Debug|Any CPU
		{8F9B97C3-AACE-43AE-AB9D-075F777F9D13}.Debug|iPhone.Build.0 = Debug|Any CPU
		{8F9B97C3-AACE-43AE-AB9D-075F777F9D13}.Debug|iPhone.Deploy.0 = Debug|Any CPU
		{8F9B97C3-AACE-43AE-AB9D-075F777F9D13}.Debug|iPhoneSimulator.ActiveCfg = Debug|Any CPU
		{8F9B97C3-AACE-43AE-AB9D-075F777F9D13}.Debug|iPhoneSimulator.Build.0 = Debug|Any CPU
		{8F9B97C3-AACE-43AE-AB9D-075F777F9D13}.Debug|iPhoneSimulator.Deploy.0 = Debug|Any CPU
		{8F9B97C3-AACE-43AE-AB9D-075F777F9D13}.Debug|x64.ActiveCfg = Debug|Any CPU
		{8F9B97C3-AACE-43AE-AB9D-075F777F9D13}.Debug|x64.Build.0 = Debug|Any CPU
		{8F9B97C3-AACE-43AE-AB9D-075F777F9D13}.Debug|x64.Deploy.0 = Debug|Any CPU
		{8F9B97C3-AACE-43AE-AB9D-075F777F9D13}.Debug|x86.ActiveCfg = Debug|Any CPU
		{8F9B97C3-AACE-43AE-AB9D-075F777F9D13}.Debug|x86.Build.0 = Debug|Any CPU
		{8F9B97C3-AACE-43AE-AB9D-075F777F9D13}.Debug|x86.Deploy.0 = Debug|Any CPU
		{8F9B97C3-AACE-43AE-AB9D-075F777F9D13}.Release|Any CPU.ActiveCfg = Release|Any CPU
		{8F9B97C3-AACE-43AE-AB9D-075F777F9D13}.Release|Any CPU.Build.0 = Release|Any CPU
		{8F9B97C3-AACE-43AE-AB9D-075F777F9D13}.Release|Any CPU.Deploy.0 = Release|Any CPU
		{8F9B97C3-AACE-43AE-AB9D-075F777F9D13}.Release|ARM.ActiveCfg = Release|Any CPU
		{8F9B97C3-AACE-43AE-AB9D-075F777F9D13}.Release|ARM.Build.0 = Release|Any CPU
		{8F9B97C3-AACE-43AE-AB9D-075F777F9D13}.Release|ARM.Deploy.0 = Release|Any CPU
		{8F9B97C3-AACE-43AE-AB9D-075F777F9D13}.Release|iPhone.ActiveCfg = Release|Any CPU
		{8F9B97C3-AACE-43AE-AB9D-075F777F9D13}.Release|iPhone.Build.0 = Release|Any CPU
		{8F9B97C3-AACE-43AE-AB9D-075F777F9D13}.Release|iPhone.Deploy.0 = Release|Any CPU
		{8F9B97C3-AACE-43AE-AB9D-075F777F9D13}.Release|iPhoneSimulator.ActiveCfg = Release|Any CPU
		{8F9B97C3-AACE-43AE-AB9D-075F777F9D13}.Release|iPhoneSimulator.Build.0 = Release|Any CPU
		{8F9B97C3-AACE-43AE-AB9D-075F777F9D13}.Release|iPhoneSimulator.Deploy.0 = Release|Any CPU
		{8F9B97C3-AACE-43AE-AB9D-075F777F9D13}.Release|x64.ActiveCfg = Release|Any CPU
		{8F9B97C3-AACE-43AE-AB9D-075F777F9D13}.Release|x64.Build.0 = Release|Any CPU
		{8F9B97C3-AACE-43AE-AB9D-075F777F9D13}.Release|x64.Deploy.0 = Release|Any CPU
		{8F9B97C3-AACE-43AE-AB9D-075F777F9D13}.Release|x86.ActiveCfg = Release|Any CPU
		{8F9B97C3-AACE-43AE-AB9D-075F777F9D13}.Release|x86.Build.0 = Release|Any CPU
		{8F9B97C3-AACE-43AE-AB9D-075F777F9D13}.Release|x86.Deploy.0 = Release|Any CPU
		{61BAE591-472C-46B6-B159-41BF3792FFD0}.Debug|Any CPU.ActiveCfg = Debug|iPhoneSimulator
		{61BAE591-472C-46B6-B159-41BF3792FFD0}.Debug|Any CPU.Build.0 = Debug|iPhoneSimulator
		{61BAE591-472C-46B6-B159-41BF3792FFD0}.Debug|Any CPU.Deploy.0 = Debug|iPhoneSimulator
		{61BAE591-472C-46B6-B159-41BF3792FFD0}.Debug|ARM.ActiveCfg = Debug|iPhoneSimulator
		{61BAE591-472C-46B6-B159-41BF3792FFD0}.Debug|ARM.Build.0 = Debug|iPhoneSimulator
		{61BAE591-472C-46B6-B159-41BF3792FFD0}.Debug|ARM.Deploy.0 = Debug|iPhoneSimulator
		{61BAE591-472C-46B6-B159-41BF3792FFD0}.Debug|iPhone.ActiveCfg = Debug|iPhone
		{61BAE591-472C-46B6-B159-41BF3792FFD0}.Debug|iPhone.Build.0 = Debug|iPhone
		{61BAE591-472C-46B6-B159-41BF3792FFD0}.Debug|iPhone.Deploy.0 = Debug|iPhone
		{61BAE591-472C-46B6-B159-41BF3792FFD0}.Debug|iPhoneSimulator.ActiveCfg = Debug|iPhoneSimulator
		{61BAE591-472C-46B6-B159-41BF3792FFD0}.Debug|iPhoneSimulator.Build.0 = Debug|iPhoneSimulator
		{61BAE591-472C-46B6-B159-41BF3792FFD0}.Debug|iPhoneSimulator.Deploy.0 = Debug|iPhoneSimulator
		{61BAE591-472C-46B6-B159-41BF3792FFD0}.Debug|x64.ActiveCfg = Debug|iPhone
		{61BAE591-472C-46B6-B159-41BF3792FFD0}.Debug|x64.Build.0 = Debug|iPhone
		{61BAE591-472C-46B6-B159-41BF3792FFD0}.Debug|x64.Deploy.0 = Debug|iPhone
		{61BAE591-472C-46B6-B159-41BF3792FFD0}.Debug|x86.ActiveCfg = Debug|iPhoneSimulator
		{61BAE591-472C-46B6-B159-41BF3792FFD0}.Debug|x86.Build.0 = Debug|iPhoneSimulator
		{61BAE591-472C-46B6-B159-41BF3792FFD0}.Debug|x86.Deploy.0 = Debug|iPhoneSimulator
		{61BAE591-472C-46B6-B159-41BF3792FFD0}.Release|Any CPU.ActiveCfg = Release|iPhoneSimulator
		{61BAE591-472C-46B6-B159-41BF3792FFD0}.Release|Any CPU.Build.0 = Release|iPhoneSimulator
		{61BAE591-472C-46B6-B159-41BF3792FFD0}.Release|Any CPU.Deploy.0 = Release|iPhoneSimulator
		{61BAE591-472C-46B6-B159-41BF3792FFD0}.Release|ARM.ActiveCfg = Release|iPhoneSimulator
		{61BAE591-472C-46B6-B159-41BF3792FFD0}.Release|ARM.Build.0 = Release|iPhoneSimulator
		{61BAE591-472C-46B6-B159-41BF3792FFD0}.Release|ARM.Deploy.0 = Release|iPhoneSimulator
		{61BAE591-472C-46B6-B159-41BF3792FFD0}.Release|iPhone.ActiveCfg = Release|iPhone
		{61BAE591-472C-46B6-B159-41BF3792FFD0}.Release|iPhone.Build.0 = Release|iPhone
		{61BAE591-472C-46B6-B159-41BF3792FFD0}.Release|iPhone.Deploy.0 = Release|iPhone
		{61BAE591-472C-46B6-B159-41BF3792FFD0}.Release|iPhoneSimulator.ActiveCfg = Release|iPhoneSimulator
		{61BAE591-472C-46B6-B159-41BF3792FFD0}.Release|iPhoneSimulator.Build.0 = Release|iPhoneSimulator
		{61BAE591-472C-46B6-B159-41BF3792FFD0}.Release|iPhoneSimulator.Deploy.0 = Release|iPhoneSimulator
		{61BAE591-472C-46B6-B159-41BF3792FFD0}.Release|x64.ActiveCfg = Release|iPhoneSimulator
		{61BAE591-472C-46B6-B159-41BF3792FFD0}.Release|x64.Build.0 = Release|iPhoneSimulator
		{61BAE591-472C-46B6-B159-41BF3792FFD0}.Release|x64.Deploy.0 = Release|iPhoneSimulator
		{61BAE591-472C-46B6-B159-41BF3792FFD0}.Release|x86.ActiveCfg = Release|iPhoneSimulator
		{61BAE591-472C-46B6-B159-41BF3792FFD0}.Release|x86.Build.0 = Release|iPhoneSimulator
		{61BAE591-472C-46B6-B159-41BF3792FFD0}.Release|x86.Deploy.0 = Release|iPhoneSimulator
		{2D1AE895-34F3-40CF-A43E-889941F0EC29}.Debug|Any CPU.ActiveCfg = Debug|Any CPU
		{2D1AE895-34F3-40CF-A43E-889941F0EC29}.Debug|Any CPU.Build.0 = Debug|Any CPU
		{2D1AE895-34F3-40CF-A43E-889941F0EC29}.Debug|Any CPU.Deploy.0 = Debug|Any CPU
		{2D1AE895-34F3-40CF-A43E-889941F0EC29}.Debug|ARM.ActiveCfg = Debug|Any CPU
		{2D1AE895-34F3-40CF-A43E-889941F0EC29}.Debug|ARM.Build.0 = Debug|Any CPU
		{2D1AE895-34F3-40CF-A43E-889941F0EC29}.Debug|ARM.Deploy.0 = Debug|Any CPU
		{2D1AE895-34F3-40CF-A43E-889941F0EC29}.Debug|iPhone.ActiveCfg = Debug|Any CPU
		{2D1AE895-34F3-40CF-A43E-889941F0EC29}.Debug|iPhone.Build.0 = Debug|Any CPU
		{2D1AE895-34F3-40CF-A43E-889941F0EC29}.Debug|iPhone.Deploy.0 = Debug|Any CPU
		{2D1AE895-34F3-40CF-A43E-889941F0EC29}.Debug|iPhoneSimulator.ActiveCfg = Debug|Any CPU
		{2D1AE895-34F3-40CF-A43E-889941F0EC29}.Debug|iPhoneSimulator.Build.0 = Debug|Any CPU
		{2D1AE895-34F3-40CF-A43E-889941F0EC29}.Debug|iPhoneSimulator.Deploy.0 = Debug|Any CPU
		{2D1AE895-34F3-40CF-A43E-889941F0EC29}.Debug|x64.ActiveCfg = Debug|Any CPU
		{2D1AE895-34F3-40CF-A43E-889941F0EC29}.Debug|x64.Build.0 = Debug|Any CPU
		{2D1AE895-34F3-40CF-A43E-889941F0EC29}.Debug|x64.Deploy.0 = Debug|Any CPU
		{2D1AE895-34F3-40CF-A43E-889941F0EC29}.Debug|x86.ActiveCfg = Debug|Any CPU
		{2D1AE895-34F3-40CF-A43E-889941F0EC29}.Debug|x86.Build.0 = Debug|Any CPU
		{2D1AE895-34F3-40CF-A43E-889941F0EC29}.Debug|x86.Deploy.0 = Debug|Any CPU
		{2D1AE895-34F3-40CF-A43E-889941F0EC29}.Release|Any CPU.ActiveCfg = Release|Any CPU
		{2D1AE895-34F3-40CF-A43E-889941F0EC29}.Release|Any CPU.Build.0 = Release|Any CPU
		{2D1AE895-34F3-40CF-A43E-889941F0EC29}.Release|Any CPU.Deploy.0 = Release|Any CPU
		{2D1AE895-34F3-40CF-A43E-889941F0EC29}.Release|ARM.ActiveCfg = Release|Any CPU
		{2D1AE895-34F3-40CF-A43E-889941F0EC29}.Release|ARM.Build.0 = Release|Any CPU
		{2D1AE895-34F3-40CF-A43E-889941F0EC29}.Release|ARM.Deploy.0 = Release|Any CPU
		{2D1AE895-34F3-40CF-A43E-889941F0EC29}.Release|iPhone.ActiveCfg = Release|Any CPU
		{2D1AE895-34F3-40CF-A43E-889941F0EC29}.Release|iPhone.Build.0 = Release|Any CPU
		{2D1AE895-34F3-40CF-A43E-889941F0EC29}.Release|iPhone.Deploy.0 = Release|Any CPU
		{2D1AE895-34F3-40CF-A43E-889941F0EC29}.Release|iPhoneSimulator.ActiveCfg = Release|Any CPU
		{2D1AE895-34F3-40CF-A43E-889941F0EC29}.Release|iPhoneSimulator.Build.0 = Release|Any CPU
		{2D1AE895-34F3-40CF-A43E-889941F0EC29}.Release|iPhoneSimulator.Deploy.0 = Release|Any CPU
		{2D1AE895-34F3-40CF-A43E-889941F0EC29}.Release|x64.ActiveCfg = Release|Any CPU
		{2D1AE895-34F3-40CF-A43E-889941F0EC29}.Release|x64.Build.0 = Release|Any CPU
		{2D1AE895-34F3-40CF-A43E-889941F0EC29}.Release|x64.Deploy.0 = Release|Any CPU
		{2D1AE895-34F3-40CF-A43E-889941F0EC29}.Release|x86.ActiveCfg = Release|Any CPU
		{2D1AE895-34F3-40CF-A43E-889941F0EC29}.Release|x86.Build.0 = Release|Any CPU
		{2D1AE895-34F3-40CF-A43E-889941F0EC29}.Release|x86.Deploy.0 = Release|Any CPU
	EndGlobalSection
	GlobalSection(SolutionProperties) = preSolution
		HideSolutionNode = FALSE
	EndGlobalSection
	GlobalSection(ExtensibilityGlobals) = postSolution
		SolutionGuid = {2FDD198E-7B67-404C-961D-A49A63C9FC81}
	EndGlobalSection
EndGlobal
