
Microsoft Visual Studio Solution File, Format Version 12.00
# Visual Studio Version 17
VisualStudioVersion = 17.3.32929.385
MinimumVisualStudioVersion = 10.0.40219.1
Project("{FAE04EC0-301F-11D3-BF4B-00C04F79EFBC}") = "GridConceitosBase.UWP", "GridConceitosBase\GridConceitosBase.UWP\GridConceitosBase.UWP.csproj", "{5F725255-5675-4A1E-AC07-0E6408700F76}"
EndProject
Project("{FAE04EC0-301F-11D3-BF4B-00C04F79EFBC}") = "GridConceitosBase.Android", "GridConceitosBase\GridConceitosBase.Android\GridConceitosBase.Android.csproj", "{8C9E7161-2341-4AD2-8759-02FF244859F6}"
EndProject
Project("{FAE04EC0-301F-11D3-BF4B-00C04F79EFBC}") = "GridConceitosBase.iOS", "GridConceitosBase\GridConceitosBase.iOS\GridConceitosBase.iOS.csproj", "{BE0551F5-F45E-4F0D-9381-A57EC742FE68}"
EndProject
Project("{FAE04EC0-301F-11D3-BF4B-00C04F79EFBC}") = "GridConceitosBase", "GridConceitosBase\GridConceitosBase\GridConceitosBase.csproj", "{C7FFB691-ECDE-44D2-91FF-94F7A657D9EB}"
EndProject
Global
	GlobalSection(SolutionConfigurationPlatforms) = preSolution
		Debug|Any CPU = Debug|Any CPU
		Debug|ARM = Debug|ARM
		Debug|iPhone = Debug|iPhone
		Debug|iPhoneSimulator = Debug|iPhoneSimulator
		Debug|x64 = Debug|x64
		Debug|x86 = Debug|x86
		Release|Any CPU = Release|Any CPU
		Release|ARM = Release|ARM
		Release|iPhone = Release|iPhone
		Release|iPhoneSimulator = Release|iPhoneSimulator
		Release|x64 = Release|x64
		Release|x86 = Release|x86
	EndGlobalSection
	GlobalSection(ProjectConfigurationPlatforms) = postSolution
		{5F725255-5675-4A1E-AC07-0E6408700F76}.Debug|Any CPU.ActiveCfg = Debug|x64
		{5F725255-5675-4A1E-AC07-0E6408700F76}.Debug|Any CPU.Build.0 = Debug|x64
		{5F725255-5675-4A1E-AC07-0E6408700F76}.Debug|Any CPU.Deploy.0 = Debug|x64
		{5F725255-5675-4A1E-AC07-0E6408700F76}.Debug|ARM.ActiveCfg = Debug|ARM
		{5F725255-5675-4A1E-AC07-0E6408700F76}.Debug|ARM.Build.0 = Debug|ARM
		{5F725255-5675-4A1E-AC07-0E6408700F76}.Debug|ARM.Deploy.0 = Debug|ARM
		{5F725255-5675-4A1E-AC07-0E6408700F76}.Debug|iPhone.ActiveCfg = Debug|x64
		{5F725255-5675-4A1E-AC07-0E6408700F76}.Debug|iPhone.Build.0 = Debug|x64
		{5F725255-5675-4A1E-AC07-0E6408700F76}.Debug|iPhone.Deploy.0 = Debug|x64
		{5F725255-5675-4A1E-AC07-0E6408700F76}.Debug|iPhoneSimulator.ActiveCfg = Debug|x64
		{5F725255-5675-4A1E-AC07-0E6408700F76}.Debug|iPhoneSimulator.Build.0 = Debug|x64
		{5F725255-5675-4A1E-AC07-0E6408700F76}.Debug|iPhoneSimulator.Deploy.0 = Debug|x64
		{5F725255-5675-4A1E-AC07-0E6408700F76}.Debug|x64.ActiveCfg = Debug|x64
		{5F725255-5675-4A1E-AC07-0E6408700F76}.Debug|x64.Build.0 = Debug|x64
		{5F725255-5675-4A1E-AC07-0E6408700F76}.Debug|x64.Deploy.0 = Debug|x64
		{5F725255-5675-4A1E-AC07-0E6408700F76}.Debug|x86.ActiveCfg = Debug|x86
		{5F725255-5675-4A1E-AC07-0E6408700F76}.Debug|x86.Build.0 = Debug|x86
		{5F725255-5675-4A1E-AC07-0E6408700F76}.Debug|x86.Deploy.0 = Debug|x86
		{5F725255-5675-4A1E-AC07-0E6408700F76}.Release|Any CPU.ActiveCfg = Release|x64
		{5F725255-5675-4A1E-AC07-0E6408700F76}.Release|Any CPU.Build.0 = Release|x64
		{5F725255-5675-4A1E-AC07-0E6408700F76}.Release|Any CPU.Deploy.0 = Release|x64
		{5F725255-5675-4A1E-AC07-0E6408700F76}.Release|ARM.ActiveCfg = Release|ARM
		{5F725255-5675-4A1E-AC07-0E6408700F76}.Release|ARM.Build.0 = Release|ARM
		{5F725255-5675-4A1E-AC07-0E6408700F76}.Release|ARM.Deploy.0 = Release|ARM
		{5F725255-5675-4A1E-AC07-0E6408700F76}.Release|iPhone.ActiveCfg = Release|x64
		{5F725255-5675-4A1E-AC07-0E6408700F76}.Release|iPhone.Build.0 = Release|x64
		{5F725255-5675-4A1E-AC07-0E6408700F76}.Release|iPhone.Deploy.0 = Release|x64
		{5F725255-5675-4A1E-AC07-0E6408700F76}.Release|iPhoneSimulator.ActiveCfg = Release|x64
		{5F725255-5675-4A1E-AC07-0E6408700F76}.Release|iPhoneSimulator.Build.0 = Release|x64
		{5F725255-5675-4A1E-AC07-0E6408700F76}.Release|iPhoneSimulator.Deploy.0 = Release|x64
		{5F725255-5675-4A1E-AC07-0E6408700F76}.Release|x64.ActiveCfg = Release|x64
		{5F725255-5675-4A1E-AC07-0E6408700F76}.Release|x64.Build.0 = Release|x64
		{5F725255-5675-4A1E-AC07-0E6408700F76}.Release|x64.Deploy.0 = Release|x64
		{5F725255-5675-4A1E-AC07-0E6408700F76}.Release|x86.ActiveCfg = Release|x86
		{5F725255-5675-4A1E-AC07-0E6408700F76}.Release|x86.Build.0 = Release|x86
		{5F725255-5675-4A1E-AC07-0E6408700F76}.Release|x86.Deploy.0 = Release|x86
		{8C9E7161-2341-4AD2-8759-02FF244859F6}.Debug|Any CPU.ActiveCfg = Debug|Any CPU
		{8C9E7161-2341-4AD2-8759-02FF244859F6}.Debug|Any CPU.Build.0 = Debug|Any CPU
		{8C9E7161-2341-4AD2-8759-02FF244859F6}.Debug|Any CPU.Deploy.0 = Debug|Any CPU
		{8C9E7161-2341-4AD2-8759-02FF244859F6}.Debug|ARM.ActiveCfg = Debug|Any CPU
		{8C9E7161-2341-4AD2-8759-02FF244859F6}.Debug|ARM.Build.0 = Debug|Any CPU
		{8C9E7161-2341-4AD2-8759-02FF244859F6}.Debug|ARM.Deploy.0 = Debug|Any CPU
		{8C9E7161-2341-4AD2-8759-02FF244859F6}.Debug|iPhone.ActiveCfg = Debug|Any CPU
		{8C9E7161-2341-4AD2-8759-02FF244859F6}.Debug|iPhone.Build.0 = Debug|Any CPU
		{8C9E7161-2341-4AD2-8759-02FF244859F6}.Debug|iPhone.Deploy.0 = Debug|Any CPU
		{8C9E7161-2341-4AD2-8759-02FF244859F6}.Debug|iPhoneSimulator.ActiveCfg = Debug|Any CPU
		{8C9E7161-2341-4AD2-8759-02FF244859F6}.Debug|iPhoneSimulator.Build.0 = Debug|Any CPU
		{8C9E7161-2341-4AD2-8759-02FF244859F6}.Debug|iPhoneSimulator.Deploy.0 = Debug|Any CPU
		{8C9E7161-2341-4AD2-8759-02FF244859F6}.Debug|x64.ActiveCfg = Debug|Any CPU
		{8C9E7161-2341-4AD2-8759-02FF244859F6}.Debug|x64.Build.0 = Debug|Any CPU
		{8C9E7161-2341-4AD2-8759-02FF244859F6}.Debug|x64.Deploy.0 = Debug|Any CPU
		{8C9E7161-2341-4AD2-8759-02FF244859F6}.Debug|x86.ActiveCfg = Debug|Any CPU
		{8C9E7161-2341-4AD2-8759-02FF244859F6}.Debug|x86.Build.0 = Debug|Any CPU
		{8C9E7161-2341-4AD2-8759-02FF244859F6}.Debug|x86.Deploy.0 = Debug|Any CPU
		{8C9E7161-2341-4AD2-8759-02FF244859F6}.Release|Any CPU.ActiveCfg = Release|Any CPU
		{8C9E7161-2341-4AD2-8759-02FF244859F6}.Release|Any CPU.Build.0 = Release|Any CPU
		{8C9E7161-2341-4AD2-8759-02FF244859F6}.Release|Any CPU.Deploy.0 = Release|Any CPU
		{8C9E7161-2341-4AD2-8759-02FF244859F6}.Release|ARM.ActiveCfg = Release|Any CPU
		{8C9E7161-2341-4AD2-8759-02FF244859F6}.Release|ARM.Build.0 = Release|Any CPU
		{8C9E7161-2341-4AD2-8759-02FF244859F6}.Release|ARM.Deploy.0 = Release|Any CPU
		{8C9E7161-2341-4AD2-8759-02FF244859F6}.Release|iPhone.ActiveCfg = Release|Any CPU
		{8C9E7161-2341-4AD2-8759-02FF244859F6}.Release|iPhone.Build.0 = Release|Any CPU
		{8C9E7161-2341-4AD2-8759-02FF244859F6}.Release|iPhone.Deploy.0 = Release|Any CPU
		{8C9E7161-2341-4AD2-8759-02FF244859F6}.Release|iPhoneSimulator.ActiveCfg = Release|Any CPU
		{8C9E7161-2341-4AD2-8759-02FF244859F6}.Release|iPhoneSimulator.Build.0 = Release|Any CPU
		{8C9E7161-2341-4AD2-8759-02FF244859F6}.Release|iPhoneSimulator.Deploy.0 = Release|Any CPU
		{8C9E7161-2341-4AD2-8759-02FF244859F6}.Release|x64.ActiveCfg = Release|Any CPU
		{8C9E7161-2341-4AD2-8759-02FF244859F6}.Release|x64.Build.0 = Release|Any CPU
		{8C9E7161-2341-4AD2-8759-02FF244859F6}.Release|x64.Deploy.0 = Release|Any CPU
		{8C9E7161-2341-4AD2-8759-02FF244859F6}.Release|x86.ActiveCfg = Release|Any CPU
		{8C9E7161-2341-4AD2-8759-02FF244859F6}.Release|x86.Build.0 = Release|Any CPU
		{8C9E7161-2341-4AD2-8759-02FF244859F6}.Release|x86.Deploy.0 = Release|Any CPU
		{BE0551F5-F45E-4F0D-9381-A57EC742FE68}.Debug|Any CPU.ActiveCfg = Debug|iPhoneSimulator
		{BE0551F5-F45E-4F0D-9381-A57EC742FE68}.Debug|Any CPU.Build.0 = Debug|iPhoneSimulator
		{BE0551F5-F45E-4F0D-9381-A57EC742FE68}.Debug|Any CPU.Deploy.0 = Debug|iPhoneSimulator
		{BE0551F5-F45E-4F0D-9381-A57EC742FE68}.Debug|ARM.ActiveCfg = Debug|iPhoneSimulator
		{BE0551F5-F45E-4F0D-9381-A57EC742FE68}.Debug|ARM.Build.0 = Debug|iPhoneSimulator
		{BE0551F5-F45E-4F0D-9381-A57EC742FE68}.Debug|ARM.Deploy.0 = Debug|iPhoneSimulator
		{BE0551F5-F45E-4F0D-9381-A57EC742FE68}.Debug|iPhone.ActiveCfg = Debug|iPhone
		{BE0551F5-F45E-4F0D-9381-A57EC742FE68}.Debug|iPhone.Build.0 = Debug|iPhone
		{BE0551F5-F45E-4F0D-9381-A57EC742FE68}.Debug|iPhone.Deploy.0 = Debug|iPhone
		{BE0551F5-F45E-4F0D-9381-A57EC742FE68}.Debug|iPhoneSimulator.ActiveCfg = Debug|iPhoneSimulator
		{BE0551F5-F45E-4F0D-9381-A57EC742FE68}.Debug|iPhoneSimulator.Build.0 = Debug|iPhoneSimulator
		{BE0551F5-F45E-4F0D-9381-A57EC742FE68}.Debug|iPhoneSimulator.Deploy.0 = Debug|iPhoneSimulator
		{BE0551F5-F45E-4F0D-9381-A57EC742FE68}.Debug|x64.ActiveCfg = Debug|iPhone
		{BE0551F5-F45E-4F0D-9381-A57EC742FE68}.Debug|x64.Build.0 = Debug|iPhone
		{BE0551F5-F45E-4F0D-9381-A57EC742FE68}.Debug|x64.Deploy.0 = Debug|iPhone
		{BE0551F5-F45E-4F0D-9381-A57EC742FE68}.Debug|x86.ActiveCfg = Debug|iPhoneSimulator
		{BE0551F5-F45E-4F0D-9381-A57EC742FE68}.Debug|x86.Build.0 = Debug|iPhoneSimulator
		{BE0551F5-F45E-4F0D-9381-A57EC742FE68}.Debug|x86.Deploy.0 = Debug|iPhoneSimulator
		{BE0551F5-F45E-4F0D-9381-A57EC742FE68}.Release|Any CPU.ActiveCfg = Release|iPhoneSimulator
		{BE0551F5-F45E-4F0D-9381-A57EC742FE68}.Release|Any CPU.Build.0 = Release|iPhoneSimulator
		{BE0551F5-F45E-4F0D-9381-A57EC742FE68}.Release|Any CPU.Deploy.0 = Release|iPhoneSimulator
		{BE0551F5-F45E-4F0D-9381-A57EC742FE68}.Release|ARM.ActiveCfg = Release|iPhoneSimulator
		{BE0551F5-F45E-4F0D-9381-A57EC742FE68}.Release|ARM.Build.0 = Release|iPhoneSimulator
		{BE0551F5-F45E-4F0D-9381-A57EC742FE68}.Release|ARM.Deploy.0 = Release|iPhoneSimulator
		{BE0551F5-F45E-4F0D-9381-A57EC742FE68}.Release|iPhone.ActiveCfg = Release|iPhone
		{BE0551F5-F45E-4F0D-9381-A57EC742FE68}.Release|iPhone.Build.0 = Release|iPhone
		{BE0551F5-F45E-4F0D-9381-A57EC742FE68}.Release|iPhone.Deploy.0 = Release|iPhone
		{BE0551F5-F45E-4F0D-9381-A57EC742FE68}.Release|iPhoneSimulator.ActiveCfg = Release|iPhoneSimulator
		{BE0551F5-F45E-4F0D-9381-A57EC742FE68}.Release|iPhoneSimulator.Build.0 = Release|iPhoneSimulator
		{BE0551F5-F45E-4F0D-9381-A57EC742FE68}.Release|iPhoneSimulator.Deploy.0 = Release|iPhoneSimulator
		{BE0551F5-F45E-4F0D-9381-A57EC742FE68}.Release|x64.ActiveCfg = Release|iPhoneSimulator
		{BE0551F5-F45E-4F0D-9381-A57EC742FE68}.Release|x64.Build.0 = Release|iPhoneSimulator
		{BE0551F5-F45E-4F0D-9381-A57EC742FE68}.Release|x64.Deploy.0 = Release|iPhoneSimulator
		{BE0551F5-F45E-4F0D-9381-A57EC742FE68}.Release|x86.ActiveCfg = Release|iPhoneSimulator
		{BE0551F5-F45E-4F0D-9381-A57EC742FE68}.Release|x86.Build.0 = Release|iPhoneSimulator
		{BE0551F5-F45E-4F0D-9381-A57EC742FE68}.Release|x86.Deploy.0 = Release|iPhoneSimulator
		{C7FFB691-ECDE-44D2-91FF-94F7A657D9EB}.Debug|Any CPU.ActiveCfg = Debug|Any CPU
		{C7FFB691-ECDE-44D2-91FF-94F7A657D9EB}.Debug|Any CPU.Build.0 = Debug|Any CPU
		{C7FFB691-ECDE-44D2-91FF-94F7A657D9EB}.Debug|Any CPU.Deploy.0 = Debug|Any CPU
		{C7FFB691-ECDE-44D2-91FF-94F7A657D9EB}.Debug|ARM.ActiveCfg = Debug|Any CPU
		{C7FFB691-ECDE-44D2-91FF-94F7A657D9EB}.Debug|ARM.Build.0 = Debug|Any CPU
		{C7FFB691-ECDE-44D2-91FF-94F7A657D9EB}.Debug|ARM.Deploy.0 = Debug|Any CPU
		{C7FFB691-ECDE-44D2-91FF-94F7A657D9EB}.Debug|iPhone.ActiveCfg = Debug|Any CPU
		{C7FFB691-ECDE-44D2-91FF-94F7A657D9EB}.Debug|iPhone.Build.0 = Debug|Any CPU
		{C7FFB691-ECDE-44D2-91FF-94F7A657D9EB}.Debug|iPhone.Deploy.0 = Debug|Any CPU
		{C7FFB691-ECDE-44D2-91FF-94F7A657D9EB}.Debug|iPhoneSimulator.ActiveCfg = Debug|Any CPU
		{C7FFB691-ECDE-44D2-91FF-94F7A657D9EB}.Debug|iPhoneSimulator.Build.0 = Debug|Any CPU
		{C7FFB691-ECDE-44D2-91FF-94F7A657D9EB}.Debug|iPhoneSimulator.Deploy.0 = Debug|Any CPU
		{C7FFB691-ECDE-44D2-91FF-94F7A657D9EB}.Debug|x64.ActiveCfg = Debug|Any CPU
		{C7FFB691-ECDE-44D2-91FF-94F7A657D9EB}.Debug|x64.Build.0 = Debug|Any CPU
		{C7FFB691-ECDE-44D2-91FF-94F7A657D9EB}.Debug|x64.Deploy.0 = Debug|Any CPU
		{C7FFB691-ECDE-44D2-91FF-94F7A657D9EB}.Debug|x86.ActiveCfg = Debug|Any CPU
		{C7FFB691-ECDE-44D2-91FF-94F7A657D9EB}.Debug|x86.Build.0 = Debug|Any CPU
		{C7FFB691-ECDE-44D2-91FF-94F7A657D9EB}.Debug|x86.Deploy.0 = Debug|Any CPU
		{C7FFB691-ECDE-44D2-91FF-94F7A657D9EB}.Release|Any CPU.ActiveCfg = Release|Any CPU
		{C7FFB691-ECDE-44D2-91FF-94F7A657D9EB}.Release|Any CPU.Build.0 = Release|Any CPU
		{C7FFB691-ECDE-44D2-91FF-94F7A657D9EB}.Release|Any CPU.Deploy.0 = Release|Any CPU
		{C7FFB691-ECDE-44D2-91FF-94F7A657D9EB}.Release|ARM.ActiveCfg = Release|Any CPU
		{C7FFB691-ECDE-44D2-91FF-94F7A657D9EB}.Release|ARM.Build.0 = Release|Any CPU
		{C7FFB691-ECDE-44D2-91FF-94F7A657D9EB}.Release|ARM.Deploy.0 = Release|Any CPU
		{C7FFB691-ECDE-44D2-91FF-94F7A657D9EB}.Release|iPhone.ActiveCfg = Release|Any CPU
		{C7FFB691-ECDE-44D2-91FF-94F7A657D9EB}.Release|iPhone.Build.0 = Release|Any CPU
		{C7FFB691-ECDE-44D2-91FF-94F7A657D9EB}.Release|iPhone.Deploy.0 = Release|Any CPU
		{C7FFB691-ECDE-44D2-91FF-94F7A657D9EB}.Release|iPhoneSimulator.ActiveCfg = Release|Any CPU
		{C7FFB691-ECDE-44D2-91FF-94F7A657D9EB}.Release|iPhoneSimulator.Build.0 = Release|Any CPU
		{C7FFB691-ECDE-44D2-91FF-94F7A657D9EB}.Release|iPhoneSimulator.Deploy.0 = Release|Any CPU
		{C7FFB691-ECDE-44D2-91FF-94F7A657D9EB}.Release|x64.ActiveCfg = Release|Any CPU
		{C7FFB691-ECDE-44D2-91FF-94F7A657D9EB}.Release|x64.Build.0 = Release|Any CPU
		{C7FFB691-ECDE-44D2-91FF-94F7A657D9EB}.Release|x64.Deploy.0 = Release|Any CPU
		{C7FFB691-ECDE-44D2-91FF-94F7A657D9EB}.Release|x86.ActiveCfg = Release|Any CPU
		{C7FFB691-ECDE-44D2-91FF-94F7A657D9EB}.Release|x86.Build.0 = Release|Any CPU
		{C7FFB691-ECDE-44D2-91FF-94F7A657D9EB}.Release|x86.Deploy.0 = Release|Any CPU
	EndGlobalSection
	GlobalSection(SolutionProperties) = preSolution
		HideSolutionNode = FALSE
	EndGlobalSection
	GlobalSection(ExtensibilityGlobals) = postSolution
		SolutionGuid = {A31D5978-3735-4566-96F8-571899BA0B09}
	EndGlobalSection
EndGlobal
