
Microsoft Visual Studio Solution File, Format Version 12.00
# Visual Studio Version 17
VisualStudioVersion = 17.3.32929.385
MinimumVisualStudioVersion = 10.0.40219.1
Project("{FAE04EC0-301F-11D3-BF4B-00C04F79EFBC}") = "CalculadoraDoWindows.UWP", "CalculadoraDoWindows\CalculadoraDoWindows.UWP\CalculadoraDoWindows.UWP.csproj", "{B9466D71-0F42-4997-8486-E1BEA9EFABA1}"
EndProject
Project("{FAE04EC0-301F-11D3-BF4B-00C04F79EFBC}") = "CalculadoraDoWindows.Android", "CalculadoraDoWindows\CalculadoraDoWindows.Android\CalculadoraDoWindows.Android.csproj", "{B3ADB5D2-98A3-491E-9285-96747E003B29}"
EndProject
Project("{FAE04EC0-301F-11D3-BF4B-00C04F79EFBC}") = "CalculadoraDoWindows.iOS", "CalculadoraDoWindows\CalculadoraDoWindows.iOS\CalculadoraDoWindows.iOS.csproj", "{6481849E-33D1-46B8-B55E-D970F49C0300}"
EndProject
Project("{FAE04EC0-301F-11D3-BF4B-00C04F79EFBC}") = "CalculadoraDoWindows", "CalculadoraDoWindows\CalculadoraDoWindows\CalculadoraDoWindows.csproj", "{C48CB2EC-5531-4F88-8B4E-C6378D1B3975}"
EndProject
Global
	GlobalSection(SolutionConfigurationPlatforms) = preSolution
		Debug|Any CPU = Debug|Any CPU
		Debug|ARM = Debug|ARM
		Debug|iPhone = Debug|iPhone
		Debug|iPhoneSimulator = Debug|iPhoneSimulator
		Debug|x64 = Debug|x64
		Debug|x86 = Debug|x86
		Release|Any CPU = Release|Any CPU
		Release|ARM = Release|ARM
		Release|iPhone = Release|iPhone
		Release|iPhoneSimulator = Release|iPhoneSimulator
		Release|x64 = Release|x64
		Release|x86 = Release|x86
	EndGlobalSection
	GlobalSection(ProjectConfigurationPlatforms) = postSolution
		{B9466D71-0F42-4997-8486-E1BEA9EFABA1}.Debug|Any CPU.ActiveCfg = Debug|x64
		{B9466D71-0F42-4997-8486-E1BEA9EFABA1}.Debug|Any CPU.Build.0 = Debug|x64
		{B9466D71-0F42-4997-8486-E1BEA9EFABA1}.Debug|Any CPU.Deploy.0 = Debug|x64
		{B9466D71-0F42-4997-8486-E1BEA9EFABA1}.Debug|ARM.ActiveCfg = Debug|ARM
		{B9466D71-0F42-4997-8486-E1BEA9EFABA1}.Debug|ARM.Build.0 = Debug|ARM
		{B9466D71-0F42-4997-8486-E1BEA9EFABA1}.Debug|ARM.Deploy.0 = Debug|ARM
		{B9466D71-0F42-4997-8486-E1BEA9EFABA1}.Debug|iPhone.ActiveCfg = Debug|x64
		{B9466D71-0F42-4997-8486-E1BEA9EFABA1}.Debug|iPhone.Build.0 = Debug|x64
		{B9466D71-0F42-4997-8486-E1BEA9EFABA1}.Debug|iPhone.Deploy.0 = Debug|x64
		{B9466D71-0F42-4997-8486-E1BEA9EFABA1}.Debug|iPhoneSimulator.ActiveCfg = Debug|x64
		{B9466D71-0F42-4997-8486-E1BEA9EFABA1}.Debug|iPhoneSimulator.Build.0 = Debug|x64
		{B9466D71-0F42-4997-8486-E1BEA9EFABA1}.Debug|iPhoneSimulator.Deploy.0 = Debug|x64
		{B9466D71-0F42-4997-8486-E1BEA9EFABA1}.Debug|x64.ActiveCfg = Debug|x64
		{B9466D71-0F42-4997-8486-E1BEA9EFABA1}.Debug|x64.Build.0 = Debug|x64
		{B9466D71-0F42-4997-8486-E1BEA9EFABA1}.Debug|x64.Deploy.0 = Debug|x64
		{B9466D71-0F42-4997-8486-E1BEA9EFABA1}.Debug|x86.ActiveCfg = Debug|x86
		{B9466D71-0F42-4997-8486-E1BEA9EFABA1}.Debug|x86.Build.0 = Debug|x86
		{B9466D71-0F42-4997-8486-E1BEA9EFABA1}.Debug|x86.Deploy.0 = Debug|x86
		{B9466D71-0F42-4997-8486-E1BEA9EFABA1}.Release|Any CPU.ActiveCfg = Release|x64
		{B9466D71-0F42-4997-8486-E1BEA9EFABA1}.Release|Any CPU.Build.0 = Release|x64
		{B9466D71-0F42-4997-8486-E1BEA9EFABA1}.Release|Any CPU.Deploy.0 = Release|x64
		{B9466D71-0F42-4997-8486-E1BEA9EFABA1}.Release|ARM.ActiveCfg = Release|ARM
		{B9466D71-0F42-4997-8486-E1BEA9EFABA1}.Release|ARM.Build.0 = Release|ARM
		{B9466D71-0F42-4997-8486-E1BEA9EFABA1}.Release|ARM.Deploy.0 = Release|ARM
		{B9466D71-0F42-4997-8486-E1BEA9EFABA1}.Release|iPhone.ActiveCfg = Release|x64
		{B9466D71-0F42-4997-8486-E1BEA9EFABA1}.Release|iPhone.Build.0 = Release|x64
		{B9466D71-0F42-4997-8486-E1BEA9EFABA1}.Release|iPhone.Deploy.0 = Release|x64
		{B9466D71-0F42-4997-8486-E1BEA9EFABA1}.Release|iPhoneSimulator.ActiveCfg = Release|x64
		{B9466D71-0F42-4997-8486-E1BEA9EFABA1}.Release|iPhoneSimulator.Build.0 = Release|x64
		{B9466D71-0F42-4997-8486-E1BEA9EFABA1}.Release|iPhoneSimulator.Deploy.0 = Release|x64
		{B9466D71-0F42-4997-8486-E1BEA9EFABA1}.Release|x64.ActiveCfg = Release|x64
		{B9466D71-0F42-4997-8486-E1BEA9EFABA1}.Release|x64.Build.0 = Release|x64
		{B9466D71-0F42-4997-8486-E1BEA9EFABA1}.Release|x64.Deploy.0 = Release|x64
		{B9466D71-0F42-4997-8486-E1BEA9EFABA1}.Release|x86.ActiveCfg = Release|x86
		{B9466D71-0F42-4997-8486-E1BEA9EFABA1}.Release|x86.Build.0 = Release|x86
		{B9466D71-0F42-4997-8486-E1BEA9EFABA1}.Release|x86.Deploy.0 = Release|x86
		{B3ADB5D2-98A3-491E-9285-96747E003B29}.Debug|Any CPU.ActiveCfg = Debug|Any CPU
		{B3ADB5D2-98A3-491E-9285-96747E003B29}.Debug|Any CPU.Build.0 = Debug|Any CPU
		{B3ADB5D2-98A3-491E-9285-96747E003B29}.Debug|Any CPU.Deploy.0 = Debug|Any CPU
		{B3ADB5D2-98A3-491E-9285-96747E003B29}.Debug|ARM.ActiveCfg = Debug|Any CPU
		{B3ADB5D2-98A3-491E-9285-96747E003B29}.Debug|ARM.Build.0 = Debug|Any CPU
		{B3ADB5D2-98A3-491E-9285-96747E003B29}.Debug|ARM.Deploy.0 = Debug|Any CPU
		{B3ADB5D2-98A3-491E-9285-96747E003B29}.Debug|iPhone.ActiveCfg = Debug|Any CPU
		{B3ADB5D2-98A3-491E-9285-96747E003B29}.Debug|iPhone.Build.0 = Debug|Any CPU
		{B3ADB5D2-98A3-491E-9285-96747E003B29}.Debug|iPhone.Deploy.0 = Debug|Any CPU
		{B3ADB5D2-98A3-491E-9285-96747E003B29}.Debug|iPhoneSimulator.ActiveCfg = Debug|Any CPU
		{B3ADB5D2-98A3-491E-9285-96747E003B29}.Debug|iPhoneSimulator.Build.0 = Debug|Any CPU
		{B3ADB5D2-98A3-491E-9285-96747E003B29}.Debug|iPhoneSimulator.Deploy.0 = Debug|Any CPU
		{B3ADB5D2-98A3-491E-9285-96747E003B29}.Debug|x64.ActiveCfg = Debug|Any CPU
		{B3ADB5D2-98A3-491E-9285-96747E003B29}.Debug|x64.Build.0 = Debug|Any CPU
		{B3ADB5D2-98A3-491E-9285-96747E003B29}.Debug|x64.Deploy.0 = Debug|Any CPU
		{B3ADB5D2-98A3-491E-9285-96747E003B29}.Debug|x86.ActiveCfg = Debug|Any CPU
		{B3ADB5D2-98A3-491E-9285-96747E003B29}.Debug|x86.Build.0 = Debug|Any CPU
		{B3ADB5D2-98A3-491E-9285-96747E003B29}.Debug|x86.Deploy.0 = Debug|Any CPU
		{B3ADB5D2-98A3-491E-9285-96747E003B29}.Release|Any CPU.ActiveCfg = Release|Any CPU
		{B3ADB5D2-98A3-491E-9285-96747E003B29}.Release|Any CPU.Build.0 = Release|Any CPU
		{B3ADB5D2-98A3-491E-9285-96747E003B29}.Release|Any CPU.Deploy.0 = Release|Any CPU
		{B3ADB5D2-98A3-491E-9285-96747E003B29}.Release|ARM.ActiveCfg = Release|Any CPU
		{B3ADB5D2-98A3-491E-9285-96747E003B29}.Release|ARM.Build.0 = Release|Any CPU
		{B3ADB5D2-98A3-491E-9285-96747E003B29}.Release|ARM.Deploy.0 = Release|Any CPU
		{B3ADB5D2-98A3-491E-9285-96747E003B29}.Release|iPhone.ActiveCfg = Release|Any CPU
		{B3ADB5D2-98A3-491E-9285-96747E003B29}.Release|iPhone.Build.0 = Release|Any CPU
		{B3ADB5D2-98A3-491E-9285-96747E003B29}.Release|iPhone.Deploy.0 = Release|Any CPU
		{B3ADB5D2-98A3-491E-9285-96747E003B29}.Release|iPhoneSimulator.ActiveCfg = Release|Any CPU
		{B3ADB5D2-98A3-491E-9285-96747E003B29}.Release|iPhoneSimulator.Build.0 = Release|Any CPU
		{B3ADB5D2-98A3-491E-9285-96747E003B29}.Release|iPhoneSimulator.Deploy.0 = Release|Any CPU
		{B3ADB5D2-98A3-491E-9285-96747E003B29}.Release|x64.ActiveCfg = Release|Any CPU
		{B3ADB5D2-98A3-491E-9285-96747E003B29}.Release|x64.Build.0 = Release|Any CPU
		{B3ADB5D2-98A3-491E-9285-96747E003B29}.Release|x64.Deploy.0 = Release|Any CPU
		{B3ADB5D2-98A3-491E-9285-96747E003B29}.Release|x86.ActiveCfg = Release|Any CPU
		{B3ADB5D2-98A3-491E-9285-96747E003B29}.Release|x86.Build.0 = Release|Any CPU
		{B3ADB5D2-98A3-491E-9285-96747E003B29}.Release|x86.Deploy.0 = Release|Any CPU
		{6481849E-33D1-46B8-B55E-D970F49C0300}.Debug|Any CPU.ActiveCfg = Debug|iPhoneSimulator
		{6481849E-33D1-46B8-B55E-D970F49C0300}.Debug|Any CPU.Build.0 = Debug|iPhoneSimulator
		{6481849E-33D1-46B8-B55E-D970F49C0300}.Debug|Any CPU.Deploy.0 = Debug|iPhoneSimulator
		{6481849E-33D1-46B8-B55E-D970F49C0300}.Debug|ARM.ActiveCfg = Debug|iPhoneSimulator
		{6481849E-33D1-46B8-B55E-D970F49C0300}.Debug|ARM.Build.0 = Debug|iPhoneSimulator
		{6481849E-33D1-46B8-B55E-D970F49C0300}.Debug|ARM.Deploy.0 = Debug|iPhoneSimulator
		{6481849E-33D1-46B8-B55E-D970F49C0300}.Debug|iPhone.ActiveCfg = Debug|iPhone
		{6481849E-33D1-46B8-B55E-D970F49C0300}.Debug|iPhone.Build.0 = Debug|iPhone
		{6481849E-33D1-46B8-B55E-D970F49C0300}.Debug|iPhone.Deploy.0 = Debug|iPhone
		{6481849E-33D1-46B8-B55E-D970F49C0300}.Debug|iPhoneSimulator.ActiveCfg = Debug|iPhoneSimulator
		{6481849E-33D1-46B8-B55E-D970F49C0300}.Debug|iPhoneSimulator.Build.0 = Debug|iPhoneSimulator
		{6481849E-33D1-46B8-B55E-D970F49C0300}.Debug|iPhoneSimulator.Deploy.0 = Debug|iPhoneSimulator
		{6481849E-33D1-46B8-B55E-D970F49C0300}.Debug|x64.ActiveCfg = Debug|iPhone
		{6481849E-33D1-46B8-B55E-D970F49C0300}.Debug|x64.Build.0 = Debug|iPhone
		{6481849E-33D1-46B8-B55E-D970F49C0300}.Debug|x64.Deploy.0 = Debug|iPhone
		{6481849E-33D1-46B8-B55E-D970F49C0300}.Debug|x86.ActiveCfg = Debug|iPhoneSimulator
		{6481849E-33D1-46B8-B55E-D970F49C0300}.Debug|x86.Build.0 = Debug|iPhoneSimulator
		{6481849E-33D1-46B8-B55E-D970F49C0300}.Debug|x86.Deploy.0 = Debug|iPhoneSimulator
		{6481849E-33D1-46B8-B55E-D970F49C0300}.Release|Any CPU.ActiveCfg = Release|iPhoneSimulator
		{6481849E-33D1-46B8-B55E-D970F49C0300}.Release|Any CPU.Build.0 = Release|iPhoneSimulator
		{6481849E-33D1-46B8-B55E-D970F49C0300}.Release|Any CPU.Deploy.0 = Release|iPhoneSimulator
		{6481849E-33D1-46B8-B55E-D970F49C0300}.Release|ARM.ActiveCfg = Release|iPhoneSimulator
		{6481849E-33D1-46B8-B55E-D970F49C0300}.Release|ARM.Build.0 = Release|iPhoneSimulator
		{6481849E-33D1-46B8-B55E-D970F49C0300}.Release|ARM.Deploy.0 = Release|iPhoneSimulator
		{6481849E-33D1-46B8-B55E-D970F49C0300}.Release|iPhone.ActiveCfg = Release|iPhone
		{6481849E-33D1-46B8-B55E-D970F49C0300}.Release|iPhone.Build.0 = Release|iPhone
		{6481849E-33D1-46B8-B55E-D970F49C0300}.Release|iPhone.Deploy.0 = Release|iPhone
		{6481849E-33D1-46B8-B55E-D970F49C0300}.Release|iPhoneSimulator.ActiveCfg = Release|iPhoneSimulator
		{6481849E-33D1-46B8-B55E-D970F49C0300}.Release|iPhoneSimulator.Build.0 = Release|iPhoneSimulator
		{6481849E-33D1-46B8-B55E-D970F49C0300}.Release|iPhoneSimulator.Deploy.0 = Release|iPhoneSimulator
		{6481849E-33D1-46B8-B55E-D970F49C0300}.Release|x64.ActiveCfg = Release|iPhoneSimulator
		{6481849E-33D1-46B8-B55E-D970F49C0300}.Release|x64.Build.0 = Release|iPhoneSimulator
		{6481849E-33D1-46B8-B55E-D970F49C0300}.Release|x64.Deploy.0 = Release|iPhoneSimulator
		{6481849E-33D1-46B8-B55E-D970F49C0300}.Release|x86.ActiveCfg = Release|iPhoneSimulator
		{6481849E-33D1-46B8-B55E-D970F49C0300}.Release|x86.Build.0 = Release|iPhoneSimulator
		{6481849E-33D1-46B8-B55E-D970F49C0300}.Release|x86.Deploy.0 = Release|iPhoneSimulator
		{C48CB2EC-5531-4F88-8B4E-C6378D1B3975}.Debug|Any CPU.ActiveCfg = Debug|Any CPU
		{C48CB2EC-5531-4F88-8B4E-C6378D1B3975}.Debug|Any CPU.Build.0 = Debug|Any CPU
		{C48CB2EC-5531-4F88-8B4E-C6378D1B3975}.Debug|Any CPU.Deploy.0 = Debug|Any CPU
		{C48CB2EC-5531-4F88-8B4E-C6378D1B3975}.Debug|ARM.ActiveCfg = Debug|Any CPU
		{C48CB2EC-5531-4F88-8B4E-C6378D1B3975}.Debug|ARM.Build.0 = Debug|Any CPU
		{C48CB2EC-5531-4F88-8B4E-C6378D1B3975}.Debug|ARM.Deploy.0 = Debug|Any CPU
		{C48CB2EC-5531-4F88-8B4E-C6378D1B3975}.Debug|iPhone.ActiveCfg = Debug|Any CPU
		{C48CB2EC-5531-4F88-8B4E-C6378D1B3975}.Debug|iPhone.Build.0 = Debug|Any CPU
		{C48CB2EC-5531-4F88-8B4E-C6378D1B3975}.Debug|iPhone.Deploy.0 = Debug|Any CPU
		{C48CB2EC-5531-4F88-8B4E-C6378D1B3975}.Debug|iPhoneSimulator.ActiveCfg = Debug|Any CPU
		{C48CB2EC-5531-4F88-8B4E-C6378D1B3975}.Debug|iPhoneSimulator.Build.0 = Debug|Any CPU
		{C48CB2EC-5531-4F88-8B4E-C6378D1B3975}.Debug|iPhoneSimulator.Deploy.0 = Debug|Any CPU
		{C48CB2EC-5531-4F88-8B4E-C6378D1B3975}.Debug|x64.ActiveCfg = Debug|Any CPU
		{C48CB2EC-5531-4F88-8B4E-C6378D1B3975}.Debug|x64.Build.0 = Debug|Any CPU
		{C48CB2EC-5531-4F88-8B4E-C6378D1B3975}.Debug|x64.Deploy.0 = Debug|Any CPU
		{C48CB2EC-5531-4F88-8B4E-C6378D1B3975}.Debug|x86.ActiveCfg = Debug|Any CPU
		{C48CB2EC-5531-4F88-8B4E-C6378D1B3975}.Debug|x86.Build.0 = Debug|Any CPU
		{C48CB2EC-5531-4F88-8B4E-C6378D1B3975}.Debug|x86.Deploy.0 = Debug|Any CPU
		{C48CB2EC-5531-4F88-8B4E-C6378D1B3975}.Release|Any CPU.ActiveCfg = Release|Any CPU
		{C48CB2EC-5531-4F88-8B4E-C6378D1B3975}.Release|Any CPU.Build.0 = Release|Any CPU
		{C48CB2EC-5531-4F88-8B4E-C6378D1B3975}.Release|Any CPU.Deploy.0 = Release|Any CPU
		{C48CB2EC-5531-4F88-8B4E-C6378D1B3975}.Release|ARM.ActiveCfg = Release|Any CPU
		{C48CB2EC-5531-4F88-8B4E-C6378D1B3975}.Release|ARM.Build.0 = Release|Any CPU
		{C48CB2EC-5531-4F88-8B4E-C6378D1B3975}.Release|ARM.Deploy.0 = Release|Any CPU
		{C48CB2EC-5531-4F88-8B4E-C6378D1B3975}.Release|iPhone.ActiveCfg = Release|Any CPU
		{C48CB2EC-5531-4F88-8B4E-C6378D1B3975}.Release|iPhone.Build.0 = Release|Any CPU
		{C48CB2EC-5531-4F88-8B4E-C6378D1B3975}.Release|iPhone.Deploy.0 = Release|Any CPU
		{C48CB2EC-5531-4F88-8B4E-C6378D1B3975}.Release|iPhoneSimulator.ActiveCfg = Release|Any CPU
		{C48CB2EC-5531-4F88-8B4E-C6378D1B3975}.Release|iPhoneSimulator.Build.0 = Release|Any CPU
		{C48CB2EC-5531-4F88-8B4E-C6378D1B3975}.Release|iPhoneSimulator.Deploy.0 = Release|Any CPU
		{C48CB2EC-5531-4F88-8B4E-C6378D1B3975}.Release|x64.ActiveCfg = Release|Any CPU
		{C48CB2EC-5531-4F88-8B4E-C6378D1B3975}.Release|x64.Build.0 = Release|Any CPU
		{C48CB2EC-5531-4F88-8B4E-C6378D1B3975}.Release|x64.Deploy.0 = Release|Any CPU
		{C48CB2EC-5531-4F88-8B4E-C6378D1B3975}.Release|x86.ActiveCfg = Release|Any CPU
		{C48CB2EC-5531-4F88-8B4E-C6378D1B3975}.Release|x86.Build.0 = Release|Any CPU
		{C48CB2EC-5531-4F88-8B4E-C6378D1B3975}.Release|x86.Deploy.0 = Release|Any CPU
	EndGlobalSection
	GlobalSection(SolutionProperties) = preSolution
		HideSolutionNode = FALSE
	EndGlobalSection
	GlobalSection(ExtensibilityGlobals) = postSolution
		SolutionGuid = {A2443671-6C2C-4F37-ABFB-3F0304924216}
	EndGlobalSection
EndGlobal
