
Microsoft Visual Studio Solution File, Format Version 12.00
# Visual Studio Version 17
VisualStudioVersion = 17.3.32929.385
MinimumVisualStudioVersion = 10.0.40219.1
Project("{FAE04EC0-301F-11D3-BF4B-00C04F79EFBC}") = "ComoDefinirUmTema.UWP", "ComoDefinirUmTema\ComoDefinirUmTema.UWP\ComoDefinirUmTema.UWP.csproj", "{A5C14D08-E88E-4961-863A-2CC9C4F0CD35}"
EndProject
Project("{FAE04EC0-301F-11D3-BF4B-00C04F79EFBC}") = "ComoDefinirUmTema.Android", "ComoDefinirUmTema\ComoDefinirUmTema.Android\ComoDefinirUmTema.Android.csproj", "{06D088B6-7EE0-4164-B349-B26E8E0924CD}"
EndProject
Project("{FAE04EC0-301F-11D3-BF4B-00C04F79EFBC}") = "ComoDefinirUmTema.iOS", "ComoDefinirUmTema\ComoDefinirUmTema.iOS\ComoDefinirUmTema.iOS.csproj", "{24DA015C-336D-49F4-BBDB-ADEC2F87B8E9}"
EndProject
Project("{FAE04EC0-301F-11D3-BF4B-00C04F79EFBC}") = "ComoDefinirUmTema", "ComoDefinirUmTema\ComoDefinirUmTema\ComoDefinirUmTema.csproj", "{676F3BE4-FD52-483A-9C1B-B42391095753}"
EndProject
Global
	GlobalSection(SolutionConfigurationPlatforms) = preSolution
		Debug|Any CPU = Debug|Any CPU
		Debug|ARM = Debug|ARM
		Debug|iPhone = Debug|iPhone
		Debug|iPhoneSimulator = Debug|iPhoneSimulator
		Debug|x64 = Debug|x64
		Debug|x86 = Debug|x86
		Release|Any CPU = Release|Any CPU
		Release|ARM = Release|ARM
		Release|iPhone = Release|iPhone
		Release|iPhoneSimulator = Release|iPhoneSimulator
		Release|x64 = Release|x64
		Release|x86 = Release|x86
	EndGlobalSection
	GlobalSection(ProjectConfigurationPlatforms) = postSolution
		{A5C14D08-E88E-4961-863A-2CC9C4F0CD35}.Debug|Any CPU.ActiveCfg = Debug|x64
		{A5C14D08-E88E-4961-863A-2CC9C4F0CD35}.Debug|Any CPU.Build.0 = Debug|x64
		{A5C14D08-E88E-4961-863A-2CC9C4F0CD35}.Debug|Any CPU.Deploy.0 = Debug|x64
		{A5C14D08-E88E-4961-863A-2CC9C4F0CD35}.Debug|ARM.ActiveCfg = Debug|ARM
		{A5C14D08-E88E-4961-863A-2CC9C4F0CD35}.Debug|ARM.Build.0 = Debug|ARM
		{A5C14D08-E88E-4961-863A-2CC9C4F0CD35}.Debug|ARM.Deploy.0 = Debug|ARM
		{A5C14D08-E88E-4961-863A-2CC9C4F0CD35}.Debug|iPhone.ActiveCfg = Debug|x64
		{A5C14D08-E88E-4961-863A-2CC9C4F0CD35}.Debug|iPhone.Build.0 = Debug|x64
		{A5C14D08-E88E-4961-863A-2CC9C4F0CD35}.Debug|iPhone.Deploy.0 = Debug|x64
		{A5C14D08-E88E-4961-863A-2CC9C4F0CD35}.Debug|iPhoneSimulator.ActiveCfg = Debug|x64
		{A5C14D08-E88E-4961-863A-2CC9C4F0CD35}.Debug|iPhoneSimulator.Build.0 = Debug|x64
		{A5C14D08-E88E-4961-863A-2CC9C4F0CD35}.Debug|iPhoneSimulator.Deploy.0 = Debug|x64
		{A5C14D08-E88E-4961-863A-2CC9C4F0CD35}.Debug|x64.ActiveCfg = Debug|x64
		{A5C14D08-E88E-4961-863A-2CC9C4F0CD35}.Debug|x64.Build.0 = Debug|x64
		{A5C14D08-E88E-4961-863A-2CC9C4F0CD35}.Debug|x64.Deploy.0 = Debug|x64
		{A5C14D08-E88E-4961-863A-2CC9C4F0CD35}.Debug|x86.ActiveCfg = Debug|x86
		{A5C14D08-E88E-4961-863A-2CC9C4F0CD35}.Debug|x86.Build.0 = Debug|x86
		{A5C14D08-E88E-4961-863A-2CC9C4F0CD35}.Debug|x86.Deploy.0 = Debug|x86
		{A5C14D08-E88E-4961-863A-2CC9C4F0CD35}.Release|Any CPU.ActiveCfg = Release|x64
		{A5C14D08-E88E-4961-863A-2CC9C4F0CD35}.Release|Any CPU.Build.0 = Release|x64
		{A5C14D08-E88E-4961-863A-2CC9C4F0CD35}.Release|Any CPU.Deploy.0 = Release|x64
		{A5C14D08-E88E-4961-863A-2CC9C4F0CD35}.Release|ARM.ActiveCfg = Release|ARM
		{A5C14D08-E88E-4961-863A-2CC9C4F0CD35}.Release|ARM.Build.0 = Release|ARM
		{A5C14D08-E88E-4961-863A-2CC9C4F0CD35}.Release|ARM.Deploy.0 = Release|ARM
		{A5C14D08-E88E-4961-863A-2CC9C4F0CD35}.Release|iPhone.ActiveCfg = Release|x64
		{A5C14D08-E88E-4961-863A-2CC9C4F0CD35}.Release|iPhone.Build.0 = Release|x64
		{A5C14D08-E88E-4961-863A-2CC9C4F0CD35}.Release|iPhone.Deploy.0 = Release|x64
		{A5C14D08-E88E-4961-863A-2CC9C4F0CD35}.Release|iPhoneSimulator.ActiveCfg = Release|x64
		{A5C14D08-E88E-4961-863A-2CC9C4F0CD35}.Release|iPhoneSimulator.Build.0 = Release|x64
		{A5C14D08-E88E-4961-863A-2CC9C4F0CD35}.Release|iPhoneSimulator.Deploy.0 = Release|x64
		{A5C14D08-E88E-4961-863A-2CC9C4F0CD35}.Release|x64.ActiveCfg = Release|x64
		{A5C14D08-E88E-4961-863A-2CC9C4F0CD35}.Release|x64.Build.0 = Release|x64
		{A5C14D08-E88E-4961-863A-2CC9C4F0CD35}.Release|x64.Deploy.0 = Release|x64
		{A5C14D08-E88E-4961-863A-2CC9C4F0CD35}.Release|x86.ActiveCfg = Release|x86
		{A5C14D08-E88E-4961-863A-2CC9C4F0CD35}.Release|x86.Build.0 = Release|x86
		{A5C14D08-E88E-4961-863A-2CC9C4F0CD35}.Release|x86.Deploy.0 = Release|x86
		{06D088B6-7EE0-4164-B349-B26E8E0924CD}.Debug|Any CPU.ActiveCfg = Debug|Any CPU
		{06D088B6-7EE0-4164-B349-B26E8E0924CD}.Debug|Any CPU.Build.0 = Debug|Any CPU
		{06D088B6-7EE0-4164-B349-B26E8E0924CD}.Debug|Any CPU.Deploy.0 = Debug|Any CPU
		{06D088B6-7EE0-4164-B349-B26E8E0924CD}.Debug|ARM.ActiveCfg = Debug|Any CPU
		{06D088B6-7EE0-4164-B349-B26E8E0924CD}.Debug|ARM.Build.0 = Debug|Any CPU
		{06D088B6-7EE0-4164-B349-B26E8E0924CD}.Debug|ARM.Deploy.0 = Debug|Any CPU
		{06D088B6-7EE0-4164-B349-B26E8E0924CD}.Debug|iPhone.ActiveCfg = Debug|Any CPU
		{06D088B6-7EE0-4164-B349-B26E8E0924CD}.Debug|iPhone.Build.0 = Debug|Any CPU
		{06D088B6-7EE0-4164-B349-B26E8E0924CD}.Debug|iPhone.Deploy.0 = Debug|Any CPU
		{06D088B6-7EE0-4164-B349-B26E8E0924CD}.Debug|iPhoneSimulator.ActiveCfg = Debug|Any CPU
		{06D088B6-7EE0-4164-B349-B26E8E0924CD}.Debug|iPhoneSimulator.Build.0 = Debug|Any CPU
		{06D088B6-7EE0-4164-B349-B26E8E0924CD}.Debug|iPhoneSimulator.Deploy.0 = Debug|Any CPU
		{06D088B6-7EE0-4164-B349-B26E8E0924CD}.Debug|x64.ActiveCfg = Debug|Any CPU
		{06D088B6-7EE0-4164-B349-B26E8E0924CD}.Debug|x64.Build.0 = Debug|Any CPU
		{06D088B6-7EE0-4164-B349-B26E8E0924CD}.Debug|x64.Deploy.0 = Debug|Any CPU
		{06D088B6-7EE0-4164-B349-B26E8E0924CD}.Debug|x86.ActiveCfg = Debug|Any CPU
		{06D088B6-7EE0-4164-B349-B26E8E0924CD}.Debug|x86.Build.0 = Debug|Any CPU
		{06D088B6-7EE0-4164-B349-B26E8E0924CD}.Debug|x86.Deploy.0 = Debug|Any CPU
		{06D088B6-7EE0-4164-B349-B26E8E0924CD}.Release|Any CPU.ActiveCfg = Release|Any CPU
		{06D088B6-7EE0-4164-B349-B26E8E0924CD}.Release|Any CPU.Build.0 = Release|Any CPU
		{06D088B6-7EE0-4164-B349-B26E8E0924CD}.Release|Any CPU.Deploy.0 = Release|Any CPU
		{06D088B6-7EE0-4164-B349-B26E8E0924CD}.Release|ARM.ActiveCfg = Release|Any CPU
		{06D088B6-7EE0-4164-B349-B26E8E0924CD}.Release|ARM.Build.0 = Release|Any CPU
		{06D088B6-7EE0-4164-B349-B26E8E0924CD}.Release|ARM.Deploy.0 = Release|Any CPU
		{06D088B6-7EE0-4164-B349-B26E8E0924CD}.Release|iPhone.ActiveCfg = Release|Any CPU
		{06D088B6-7EE0-4164-B349-B26E8E0924CD}.Release|iPhone.Build.0 = Release|Any CPU
		{06D088B6-7EE0-4164-B349-B26E8E0924CD}.Release|iPhone.Deploy.0 = Release|Any CPU
		{06D088B6-7EE0-4164-B349-B26E8E0924CD}.Release|iPhoneSimulator.ActiveCfg = Release|Any CPU
		{06D088B6-7EE0-4164-B349-B26E8E0924CD}.Release|iPhoneSimulator.Build.0 = Release|Any CPU
		{06D088B6-7EE0-4164-B349-B26E8E0924CD}.Release|iPhoneSimulator.Deploy.0 = Release|Any CPU
		{06D088B6-7EE0-4164-B349-B26E8E0924CD}.Release|x64.ActiveCfg = Release|Any CPU
		{06D088B6-7EE0-4164-B349-B26E8E0924CD}.Release|x64.Build.0 = Release|Any CPU
		{06D088B6-7EE0-4164-B349-B26E8E0924CD}.Release|x64.Deploy.0 = Release|Any CPU
		{06D088B6-7EE0-4164-B349-B26E8E0924CD}.Release|x86.ActiveCfg = Release|Any CPU
		{06D088B6-7EE0-4164-B349-B26E8E0924CD}.Release|x86.Build.0 = Release|Any CPU
		{06D088B6-7EE0-4164-B349-B26E8E0924CD}.Release|x86.Deploy.0 = Release|Any CPU
		{24DA015C-336D-49F4-BBDB-ADEC2F87B8E9}.Debug|Any CPU.ActiveCfg = Debug|iPhoneSimulator
		{24DA015C-336D-49F4-BBDB-ADEC2F87B8E9}.Debug|Any CPU.Build.0 = Debug|iPhoneSimulator
		{24DA015C-336D-49F4-BBDB-ADEC2F87B8E9}.Debug|Any CPU.Deploy.0 = Debug|iPhoneSimulator
		{24DA015C-336D-49F4-BBDB-ADEC2F87B8E9}.Debug|ARM.ActiveCfg = Debug|iPhoneSimulator
		{24DA015C-336D-49F4-BBDB-ADEC2F87B8E9}.Debug|ARM.Build.0 = Debug|iPhoneSimulator
		{24DA015C-336D-49F4-BBDB-ADEC2F87B8E9}.Debug|ARM.Deploy.0 = Debug|iPhoneSimulator
		{24DA015C-336D-49F4-BBDB-ADEC2F87B8E9}.Debug|iPhone.ActiveCfg = Debug|iPhone
		{24DA015C-336D-49F4-BBDB-ADEC2F87B8E9}.Debug|iPhone.Build.0 = Debug|iPhone
		{24DA015C-336D-49F4-BBDB-ADEC2F87B8E9}.Debug|iPhone.Deploy.0 = Debug|iPhone
		{24DA015C-336D-49F4-BBDB-ADEC2F87B8E9}.Debug|iPhoneSimulator.ActiveCfg = Debug|iPhoneSimulator
		{24DA015C-336D-49F4-BBDB-ADEC2F87B8E9}.Debug|iPhoneSimulator.Build.0 = Debug|iPhoneSimulator
		{24DA015C-336D-49F4-BBDB-ADEC2F87B8E9}.Debug|iPhoneSimulator.Deploy.0 = Debug|iPhoneSimulator
		{24DA015C-336D-49F4-BBDB-ADEC2F87B8E9}.Debug|x64.ActiveCfg = Debug|iPhone
		{24DA015C-336D-49F4-BBDB-ADEC2F87B8E9}.Debug|x64.Build.0 = Debug|iPhone
		{24DA015C-336D-49F4-BBDB-ADEC2F87B8E9}.Debug|x64.Deploy.0 = Debug|iPhone
		{24DA015C-336D-49F4-BBDB-ADEC2F87B8E9}.Debug|x86.ActiveCfg = Debug|iPhoneSimulator
		{24DA015C-336D-49F4-BBDB-ADEC2F87B8E9}.Debug|x86.Build.0 = Debug|iPhoneSimulator
		{24DA015C-336D-49F4-BBDB-ADEC2F87B8E9}.Debug|x86.Deploy.0 = Debug|iPhoneSimulator
		{24DA015C-336D-49F4-BBDB-ADEC2F87B8E9}.Release|Any CPU.ActiveCfg = Release|iPhoneSimulator
		{24DA015C-336D-49F4-BBDB-ADEC2F87B8E9}.Release|Any CPU.Build.0 = Release|iPhoneSimulator
		{24DA015C-336D-49F4-BBDB-ADEC2F87B8E9}.Release|Any CPU.Deploy.0 = Release|iPhoneSimulator
		{24DA015C-336D-49F4-BBDB-ADEC2F87B8E9}.Release|ARM.ActiveCfg = Release|iPhoneSimulator
		{24DA015C-336D-49F4-BBDB-ADEC2F87B8E9}.Release|ARM.Build.0 = Release|iPhoneSimulator
		{24DA015C-336D-49F4-BBDB-ADEC2F87B8E9}.Release|ARM.Deploy.0 = Release|iPhoneSimulator
		{24DA015C-336D-49F4-BBDB-ADEC2F87B8E9}.Release|iPhone.ActiveCfg = Release|iPhone
		{24DA015C-336D-49F4-BBDB-ADEC2F87B8E9}.Release|iPhone.Build.0 = Release|iPhone
		{24DA015C-336D-49F4-BBDB-ADEC2F87B8E9}.Release|iPhone.Deploy.0 = Release|iPhone
		{24DA015C-336D-49F4-BBDB-ADEC2F87B8E9}.Release|iPhoneSimulator.ActiveCfg = Release|iPhoneSimulator
		{24DA015C-336D-49F4-BBDB-ADEC2F87B8E9}.Release|iPhoneSimulator.Build.0 = Release|iPhoneSimulator
		{24DA015C-336D-49F4-BBDB-ADEC2F87B8E9}.Release|iPhoneSimulator.Deploy.0 = Release|iPhoneSimulator
		{24DA015C-336D-49F4-BBDB-ADEC2F87B8E9}.Release|x64.ActiveCfg = Release|iPhoneSimulator
		{24DA015C-336D-49F4-BBDB-ADEC2F87B8E9}.Release|x64.Build.0 = Release|iPhoneSimulator
		{24DA015C-336D-49F4-BBDB-ADEC2F87B8E9}.Release|x64.Deploy.0 = Release|iPhoneSimulator
		{24DA015C-336D-49F4-BBDB-ADEC2F87B8E9}.Release|x86.ActiveCfg = Release|iPhoneSimulator
		{24DA015C-336D-49F4-BBDB-ADEC2F87B8E9}.Release|x86.Build.0 = Release|iPhoneSimulator
		{24DA015C-336D-49F4-BBDB-ADEC2F87B8E9}.Release|x86.Deploy.0 = Release|iPhoneSimulator
		{676F3BE4-FD52-483A-9C1B-B42391095753}.Debug|Any CPU.ActiveCfg = Debug|Any CPU
		{676F3BE4-FD52-483A-9C1B-B42391095753}.Debug|Any CPU.Build.0 = Debug|Any CPU
		{676F3BE4-FD52-483A-9C1B-B42391095753}.Debug|Any CPU.Deploy.0 = Debug|Any CPU
		{676F3BE4-FD52-483A-9C1B-B42391095753}.Debug|ARM.ActiveCfg = Debug|Any CPU
		{676F3BE4-FD52-483A-9C1B-B42391095753}.Debug|ARM.Build.0 = Debug|Any CPU
		{676F3BE4-FD52-483A-9C1B-B42391095753}.Debug|ARM.Deploy.0 = Debug|Any CPU
		{676F3BE4-FD52-483A-9C1B-B42391095753}.Debug|iPhone.ActiveCfg = Debug|Any CPU
		{676F3BE4-FD52-483A-9C1B-B42391095753}.Debug|iPhone.Build.0 = Debug|Any CPU
		{676F3BE4-FD52-483A-9C1B-B42391095753}.Debug|iPhone.Deploy.0 = Debug|Any CPU
		{676F3BE4-FD52-483A-9C1B-B42391095753}.Debug|iPhoneSimulator.ActiveCfg = Debug|Any CPU
		{676F3BE4-FD52-483A-9C1B-B42391095753}.Debug|iPhoneSimulator.Build.0 = Debug|Any CPU
		{676F3BE4-FD52-483A-9C1B-B42391095753}.Debug|iPhoneSimulator.Deploy.0 = Debug|Any CPU
		{676F3BE4-FD52-483A-9C1B-B42391095753}.Debug|x64.ActiveCfg = Debug|Any CPU
		{676F3BE4-FD52-483A-9C1B-B42391095753}.Debug|x64.Build.0 = Debug|Any CPU
		{676F3BE4-FD52-483A-9C1B-B42391095753}.Debug|x64.Deploy.0 = Debug|Any CPU
		{676F3BE4-FD52-483A-9C1B-B42391095753}.Debug|x86.ActiveCfg = Debug|Any CPU
		{676F3BE4-FD52-483A-9C1B-B42391095753}.Debug|x86.Build.0 = Debug|Any CPU
		{676F3BE4-FD52-483A-9C1B-B42391095753}.Debug|x86.Deploy.0 = Debug|Any CPU
		{676F3BE4-FD52-483A-9C1B-B42391095753}.Release|Any CPU.ActiveCfg = Release|Any CPU
		{676F3BE4-FD52-483A-9C1B-B42391095753}.Release|Any CPU.Build.0 = Release|Any CPU
		{676F3BE4-FD52-483A-9C1B-B42391095753}.Release|Any CPU.Deploy.0 = Release|Any CPU
		{676F3BE4-FD52-483A-9C1B-B42391095753}.Release|ARM.ActiveCfg = Release|Any CPU
		{676F3BE4-FD52-483A-9C1B-B42391095753}.Release|ARM.Build.0 = Release|Any CPU
		{676F3BE4-FD52-483A-9C1B-B42391095753}.Release|ARM.Deploy.0 = Release|Any CPU
		{676F3BE4-FD52-483A-9C1B-B42391095753}.Release|iPhone.ActiveCfg = Release|Any CPU
		{676F3BE4-FD52-483A-9C1B-B42391095753}.Release|iPhone.Build.0 = Release|Any CPU
		{676F3BE4-FD52-483A-9C1B-B42391095753}.Release|iPhone.Deploy.0 = Release|Any CPU
		{676F3BE4-FD52-483A-9C1B-B42391095753}.Release|iPhoneSimulator.ActiveCfg = Release|Any CPU
		{676F3BE4-FD52-483A-9C1B-B42391095753}.Release|iPhoneSimulator.Build.0 = Release|Any CPU
		{676F3BE4-FD52-483A-9C1B-B42391095753}.Release|iPhoneSimulator.Deploy.0 = Release|Any CPU
		{676F3BE4-FD52-483A-9C1B-B42391095753}.Release|x64.ActiveCfg = Release|Any CPU
		{676F3BE4-FD52-483A-9C1B-B42391095753}.Release|x64.Build.0 = Release|Any CPU
		{676F3BE4-FD52-483A-9C1B-B42391095753}.Release|x64.Deploy.0 = Release|Any CPU
		{676F3BE4-FD52-483A-9C1B-B42391095753}.Release|x86.ActiveCfg = Release|Any CPU
		{676F3BE4-FD52-483A-9C1B-B42391095753}.Release|x86.Build.0 = Release|Any CPU
		{676F3BE4-FD52-483A-9C1B-B42391095753}.Release|x86.Deploy.0 = Release|Any CPU
	EndGlobalSection
	GlobalSection(SolutionProperties) = preSolution
		HideSolutionNode = FALSE
	EndGlobalSection
	GlobalSection(ExtensibilityGlobals) = postSolution
		SolutionGuid = {052CDC8F-EC0C-4EAE-A150-9D96853AE902}
	EndGlobalSection
EndGlobal
