
Microsoft Visual Studio Solution File, Format Version 12.00
# Visual Studio Version 17
VisualStudioVersion = 17.3.32929.385
MinimumVisualStudioVersion = 10.0.40219.1
Project("{FAE04EC0-301F-11D3-BF4B-00C04F79EFBC}") = "UmaPage.UWP", "UmaPage\UmaPage.UWP\UmaPage.UWP.csproj", "{31DAD656-C2E8-44BA-B28D-5D9F38F9BBF5}"
EndProject
Project("{FAE04EC0-301F-11D3-BF4B-00C04F79EFBC}") = "UmaPage.Android", "UmaPage\UmaPage.Android\UmaPage.Android.csproj", "{9746A380-760B-4EFE-821A-A0CA2CFE8AD8}"
EndProject
Project("{FAE04EC0-301F-11D3-BF4B-00C04F79EFBC}") = "UmaPage.iOS", "UmaPage\UmaPage.iOS\UmaPage.iOS.csproj", "{22A0269E-91AB-45EE-9906-C5E142029382}"
EndProject
Project("{FAE04EC0-301F-11D3-BF4B-00C04F79EFBC}") = "UmaPage", "UmaPage\UmaPage\UmaPage.csproj", "{9E569F18-DD0C-448E-9B89-5CB279ECEB0D}"
EndProject
Global
	GlobalSection(SolutionConfigurationPlatforms) = preSolution
		Debug|Any CPU = Debug|Any CPU
		Debug|ARM = Debug|ARM
		Debug|iPhone = Debug|iPhone
		Debug|iPhoneSimulator = Debug|iPhoneSimulator
		Debug|x64 = Debug|x64
		Debug|x86 = Debug|x86
		Release|Any CPU = Release|Any CPU
		Release|ARM = Release|ARM
		Release|iPhone = Release|iPhone
		Release|iPhoneSimulator = Release|iPhoneSimulator
		Release|x64 = Release|x64
		Release|x86 = Release|x86
	EndGlobalSection
	GlobalSection(ProjectConfigurationPlatforms) = postSolution
		{31DAD656-C2E8-44BA-B28D-5D9F38F9BBF5}.Debug|Any CPU.ActiveCfg = Debug|x64
		{31DAD656-C2E8-44BA-B28D-5D9F38F9BBF5}.Debug|Any CPU.Build.0 = Debug|x64
		{31DAD656-C2E8-44BA-B28D-5D9F38F9BBF5}.Debug|Any CPU.Deploy.0 = Debug|x64
		{31DAD656-C2E8-44BA-B28D-5D9F38F9BBF5}.Debug|ARM.ActiveCfg = Debug|ARM
		{31DAD656-C2E8-44BA-B28D-5D9F38F9BBF5}.Debug|ARM.Build.0 = Debug|ARM
		{31DAD656-C2E8-44BA-B28D-5D9F38F9BBF5}.Debug|ARM.Deploy.0 = Debug|ARM
		{31DAD656-C2E8-44BA-B28D-5D9F38F9BBF5}.Debug|iPhone.ActiveCfg = Debug|x64
		{31DAD656-C2E8-44BA-B28D-5D9F38F9BBF5}.Debug|iPhone.Build.0 = Debug|x64
		{31DAD656-C2E8-44BA-B28D-5D9F38F9BBF5}.Debug|iPhone.Deploy.0 = Debug|x64
		{31DAD656-C2E8-44BA-B28D-5D9F38F9BBF5}.Debug|iPhoneSimulator.ActiveCfg = Debug|x64
		{31DAD656-C2E8-44BA-B28D-5D9F38F9BBF5}.Debug|iPhoneSimulator.Build.0 = Debug|x64
		{31DAD656-C2E8-44BA-B28D-5D9F38F9BBF5}.Debug|iPhoneSimulator.Deploy.0 = Debug|x64
		{31DAD656-C2E8-44BA-B28D-5D9F38F9BBF5}.Debug|x64.ActiveCfg = Debug|x64
		{31DAD656-C2E8-44BA-B28D-5D9F38F9BBF5}.Debug|x64.Build.0 = Debug|x64
		{31DAD656-C2E8-44BA-B28D-5D9F38F9BBF5}.Debug|x64.Deploy.0 = Debug|x64
		{31DAD656-C2E8-44BA-B28D-5D9F38F9BBF5}.Debug|x86.ActiveCfg = Debug|x86
		{31DAD656-C2E8-44BA-B28D-5D9F38F9BBF5}.Debug|x86.Build.0 = Debug|x86
		{31DAD656-C2E8-44BA-B28D-5D9F38F9BBF5}.Debug|x86.Deploy.0 = Debug|x86
		{31DAD656-C2E8-44BA-B28D-5D9F38F9BBF5}.Release|Any CPU.ActiveCfg = Release|x64
		{31DAD656-C2E8-44BA-B28D-5D9F38F9BBF5}.Release|Any CPU.Build.0 = Release|x64
		{31DAD656-C2E8-44BA-B28D-5D9F38F9BBF5}.Release|Any CPU.Deploy.0 = Release|x64
		{31DAD656-C2E8-44BA-B28D-5D9F38F9BBF5}.Release|ARM.ActiveCfg = Release|ARM
		{31DAD656-C2E8-44BA-B28D-5D9F38F9BBF5}.Release|ARM.Build.0 = Release|ARM
		{31DAD656-C2E8-44BA-B28D-5D9F38F9BBF5}.Release|ARM.Deploy.0 = Release|ARM
		{31DAD656-C2E8-44BA-B28D-5D9F38F9BBF5}.Release|iPhone.ActiveCfg = Release|x64
		{31DAD656-C2E8-44BA-B28D-5D9F38F9BBF5}.Release|iPhone.Build.0 = Release|x64
		{31DAD656-C2E8-44BA-B28D-5D9F38F9BBF5}.Release|iPhone.Deploy.0 = Release|x64
		{31DAD656-C2E8-44BA-B28D-5D9F38F9BBF5}.Release|iPhoneSimulator.ActiveCfg = Release|x64
		{31DAD656-C2E8-44BA-B28D-5D9F38F9BBF5}.Release|iPhoneSimulator.Build.0 = Release|x64
		{31DAD656-C2E8-44BA-B28D-5D9F38F9BBF5}.Release|iPhoneSimulator.Deploy.0 = Release|x64
		{31DAD656-C2E8-44BA-B28D-5D9F38F9BBF5}.Release|x64.ActiveCfg = Release|x64
		{31DAD656-C2E8-44BA-B28D-5D9F38F9BBF5}.Release|x64.Build.0 = Release|x64
		{31DAD656-C2E8-44BA-B28D-5D9F38F9BBF5}.Release|x64.Deploy.0 = Release|x64
		{31DAD656-C2E8-44BA-B28D-5D9F38F9BBF5}.Release|x86.ActiveCfg = Release|x86
		{31DAD656-C2E8-44BA-B28D-5D9F38F9BBF5}.Release|x86.Build.0 = Release|x86
		{31DAD656-C2E8-44BA-B28D-5D9F38F9BBF5}.Release|x86.Deploy.0 = Release|x86
		{9746A380-760B-4EFE-821A-A0CA2CFE8AD8}.Debug|Any CPU.ActiveCfg = Debug|Any CPU
		{9746A380-760B-4EFE-821A-A0CA2CFE8AD8}.Debug|Any CPU.Build.0 = Debug|Any CPU
		{9746A380-760B-4EFE-821A-A0CA2CFE8AD8}.Debug|Any CPU.Deploy.0 = Debug|Any CPU
		{9746A380-760B-4EFE-821A-A0CA2CFE8AD8}.Debug|ARM.ActiveCfg = Debug|Any CPU
		{9746A380-760B-4EFE-821A-A0CA2CFE8AD8}.Debug|ARM.Build.0 = Debug|Any CPU
		{9746A380-760B-4EFE-821A-A0CA2CFE8AD8}.Debug|ARM.Deploy.0 = Debug|Any CPU
		{9746A380-760B-4EFE-821A-A0CA2CFE8AD8}.Debug|iPhone.ActiveCfg = Debug|Any CPU
		{9746A380-760B-4EFE-821A-A0CA2CFE8AD8}.Debug|iPhone.Build.0 = Debug|Any CPU
		{9746A380-760B-4EFE-821A-A0CA2CFE8AD8}.Debug|iPhone.Deploy.0 = Debug|Any CPU
		{9746A380-760B-4EFE-821A-A0CA2CFE8AD8}.Debug|iPhoneSimulator.ActiveCfg = Debug|Any CPU
		{9746A380-760B-4EFE-821A-A0CA2CFE8AD8}.Debug|iPhoneSimulator.Build.0 = Debug|Any CPU
		{9746A380-760B-4EFE-821A-A0CA2CFE8AD8}.Debug|iPhoneSimulator.Deploy.0 = Debug|Any CPU
		{9746A380-760B-4EFE-821A-A0CA2CFE8AD8}.Debug|x64.ActiveCfg = Debug|Any CPU
		{9746A380-760B-4EFE-821A-A0CA2CFE8AD8}.Debug|x64.Build.0 = Debug|Any CPU
		{9746A380-760B-4EFE-821A-A0CA2CFE8AD8}.Debug|x64.Deploy.0 = Debug|Any CPU
		{9746A380-760B-4EFE-821A-A0CA2CFE8AD8}.Debug|x86.ActiveCfg = Debug|Any CPU
		{9746A380-760B-4EFE-821A-A0CA2CFE8AD8}.Debug|x86.Build.0 = Debug|Any CPU
		{9746A380-760B-4EFE-821A-A0CA2CFE8AD8}.Debug|x86.Deploy.0 = Debug|Any CPU
		{9746A380-760B-4EFE-821A-A0CA2CFE8AD8}.Release|Any CPU.ActiveCfg = Release|Any CPU
		{9746A380-760B-4EFE-821A-A0CA2CFE8AD8}.Release|Any CPU.Build.0 = Release|Any CPU
		{9746A380-760B-4EFE-821A-A0CA2CFE8AD8}.Release|Any CPU.Deploy.0 = Release|Any CPU
		{9746A380-760B-4EFE-821A-A0CA2CFE8AD8}.Release|ARM.ActiveCfg = Release|Any CPU
		{9746A380-760B-4EFE-821A-A0CA2CFE8AD8}.Release|ARM.Build.0 = Release|Any CPU
		{9746A380-760B-4EFE-821A-A0CA2CFE8AD8}.Release|ARM.Deploy.0 = Release|Any CPU
		{9746A380-760B-4EFE-821A-A0CA2CFE8AD8}.Release|iPhone.ActiveCfg = Release|Any CPU
		{9746A380-760B-4EFE-821A-A0CA2CFE8AD8}.Release|iPhone.Build.0 = Release|Any CPU
		{9746A380-760B-4EFE-821A-A0CA2CFE8AD8}.Release|iPhone.Deploy.0 = Release|Any CPU
		{9746A380-760B-4EFE-821A-A0CA2CFE8AD8}.Release|iPhoneSimulator.ActiveCfg = Release|Any CPU
		{9746A380-760B-4EFE-821A-A0CA2CFE8AD8}.Release|iPhoneSimulator.Build.0 = Release|Any CPU
		{9746A380-760B-4EFE-821A-A0CA2CFE8AD8}.Release|iPhoneSimulator.Deploy.0 = Release|Any CPU
		{9746A380-760B-4EFE-821A-A0CA2CFE8AD8}.Release|x64.ActiveCfg = Release|Any CPU
		{9746A380-760B-4EFE-821A-A0CA2CFE8AD8}.Release|x64.Build.0 = Release|Any CPU
		{9746A380-760B-4EFE-821A-A0CA2CFE8AD8}.Release|x64.Deploy.0 = Release|Any CPU
		{9746A380-760B-4EFE-821A-A0CA2CFE8AD8}.Release|x86.ActiveCfg = Release|Any CPU
		{9746A380-760B-4EFE-821A-A0CA2CFE8AD8}.Release|x86.Build.0 = Release|Any CPU
		{9746A380-760B-4EFE-821A-A0CA2CFE8AD8}.Release|x86.Deploy.0 = Release|Any CPU
		{22A0269E-91AB-45EE-9906-C5E142029382}.Debug|Any CPU.ActiveCfg = Debug|iPhoneSimulator
		{22A0269E-91AB-45EE-9906-C5E142029382}.Debug|Any CPU.Build.0 = Debug|iPhoneSimulator
		{22A0269E-91AB-45EE-9906-C5E142029382}.Debug|Any CPU.Deploy.0 = Debug|iPhoneSimulator
		{22A0269E-91AB-45EE-9906-C5E142029382}.Debug|ARM.ActiveCfg = Debug|iPhoneSimulator
		{22A0269E-91AB-45EE-9906-C5E142029382}.Debug|ARM.Build.0 = Debug|iPhoneSimulator
		{22A0269E-91AB-45EE-9906-C5E142029382}.Debug|ARM.Deploy.0 = Debug|iPhoneSimulator
		{22A0269E-91AB-45EE-9906-C5E142029382}.Debug|iPhone.ActiveCfg = Debug|iPhone
		{22A0269E-91AB-45EE-9906-C5E142029382}.Debug|iPhone.Build.0 = Debug|iPhone
		{22A0269E-91AB-45EE-9906-C5E142029382}.Debug|iPhone.Deploy.0 = Debug|iPhone
		{22A0269E-91AB-45EE-9906-C5E142029382}.Debug|iPhoneSimulator.ActiveCfg = Debug|iPhoneSimulator
		{22A0269E-91AB-45EE-9906-C5E142029382}.Debug|iPhoneSimulator.Build.0 = Debug|iPhoneSimulator
		{22A0269E-91AB-45EE-9906-C5E142029382}.Debug|iPhoneSimulator.Deploy.0 = Debug|iPhoneSimulator
		{22A0269E-91AB-45EE-9906-C5E142029382}.Debug|x64.ActiveCfg = Debug|iPhone
		{22A0269E-91AB-45EE-9906-C5E142029382}.Debug|x64.Build.0 = Debug|iPhone
		{22A0269E-91AB-45EE-9906-C5E142029382}.Debug|x64.Deploy.0 = Debug|iPhone
		{22A0269E-91AB-45EE-9906-C5E142029382}.Debug|x86.ActiveCfg = Debug|iPhoneSimulator
		{22A0269E-91AB-45EE-9906-C5E142029382}.Debug|x86.Build.0 = Debug|iPhoneSimulator
		{22A0269E-91AB-45EE-9906-C5E142029382}.Debug|x86.Deploy.0 = Debug|iPhoneSimulator
		{22A0269E-91AB-45EE-9906-C5E142029382}.Release|Any CPU.ActiveCfg = Release|iPhoneSimulator
		{22A0269E-91AB-45EE-9906-C5E142029382}.Release|Any CPU.Build.0 = Release|iPhoneSimulator
		{22A0269E-91AB-45EE-9906-C5E142029382}.Release|Any CPU.Deploy.0 = Release|iPhoneSimulator
		{22A0269E-91AB-45EE-9906-C5E142029382}.Release|ARM.ActiveCfg = Release|iPhoneSimulator
		{22A0269E-91AB-45EE-9906-C5E142029382}.Release|ARM.Build.0 = Release|iPhoneSimulator
		{22A0269E-91AB-45EE-9906-C5E142029382}.Release|ARM.Deploy.0 = Release|iPhoneSimulator
		{22A0269E-91AB-45EE-9906-C5E142029382}.Release|iPhone.ActiveCfg = Release|iPhone
		{22A0269E-91AB-45EE-9906-C5E142029382}.Release|iPhone.Build.0 = Release|iPhone
		{22A0269E-91AB-45EE-9906-C5E142029382}.Release|iPhone.Deploy.0 = Release|iPhone
		{22A0269E-91AB-45EE-9906-C5E142029382}.Release|iPhoneSimulator.ActiveCfg = Release|iPhoneSimulator
		{22A0269E-91AB-45EE-9906-C5E142029382}.Release|iPhoneSimulator.Build.0 = Release|iPhoneSimulator
		{22A0269E-91AB-45EE-9906-C5E142029382}.Release|iPhoneSimulator.Deploy.0 = Release|iPhoneSimulator
		{22A0269E-91AB-45EE-9906-C5E142029382}.Release|x64.ActiveCfg = Release|iPhoneSimulator
		{22A0269E-91AB-45EE-9906-C5E142029382}.Release|x64.Build.0 = Release|iPhoneSimulator
		{22A0269E-91AB-45EE-9906-C5E142029382}.Release|x64.Deploy.0 = Release|iPhoneSimulator
		{22A0269E-91AB-45EE-9906-C5E142029382}.Release|x86.ActiveCfg = Release|iPhoneSimulator
		{22A0269E-91AB-45EE-9906-C5E142029382}.Release|x86.Build.0 = Release|iPhoneSimulator
		{22A0269E-91AB-45EE-9906-C5E142029382}.Release|x86.Deploy.0 = Release|iPhoneSimulator
		{9E569F18-DD0C-448E-9B89-5CB279ECEB0D}.Debug|Any CPU.ActiveCfg = Debug|Any CPU
		{9E569F18-DD0C-448E-9B89-5CB279ECEB0D}.Debug|Any CPU.Build.0 = Debug|Any CPU
		{9E569F18-DD0C-448E-9B89-5CB279ECEB0D}.Debug|Any CPU.Deploy.0 = Debug|Any CPU
		{9E569F18-DD0C-448E-9B89-5CB279ECEB0D}.Debug|ARM.ActiveCfg = Debug|Any CPU
		{9E569F18-DD0C-448E-9B89-5CB279ECEB0D}.Debug|ARM.Build.0 = Debug|Any CPU
		{9E569F18-DD0C-448E-9B89-5CB279ECEB0D}.Debug|ARM.Deploy.0 = Debug|Any CPU
		{9E569F18-DD0C-448E-9B89-5CB279ECEB0D}.Debug|iPhone.ActiveCfg = Debug|Any CPU
		{9E569F18-DD0C-448E-9B89-5CB279ECEB0D}.Debug|iPhone.Build.0 = Debug|Any CPU
		{9E569F18-DD0C-448E-9B89-5CB279ECEB0D}.Debug|iPhone.Deploy.0 = Debug|Any CPU
		{9E569F18-DD0C-448E-9B89-5CB279ECEB0D}.Debug|iPhoneSimulator.ActiveCfg = Debug|Any CPU
		{9E569F18-DD0C-448E-9B89-5CB279ECEB0D}.Debug|iPhoneSimulator.Build.0 = Debug|Any CPU
		{9E569F18-DD0C-448E-9B89-5CB279ECEB0D}.Debug|iPhoneSimulator.Deploy.0 = Debug|Any CPU
		{9E569F18-DD0C-448E-9B89-5CB279ECEB0D}.Debug|x64.ActiveCfg = Debug|Any CPU
		{9E569F18-DD0C-448E-9B89-5CB279ECEB0D}.Debug|x64.Build.0 = Debug|Any CPU
		{9E569F18-DD0C-448E-9B89-5CB279ECEB0D}.Debug|x64.Deploy.0 = Debug|Any CPU
		{9E569F18-DD0C-448E-9B89-5CB279ECEB0D}.Debug|x86.ActiveCfg = Debug|Any CPU
		{9E569F18-DD0C-448E-9B89-5CB279ECEB0D}.Debug|x86.Build.0 = Debug|Any CPU
		{9E569F18-DD0C-448E-9B89-5CB279ECEB0D}.Debug|x86.Deploy.0 = Debug|Any CPU
		{9E569F18-DD0C-448E-9B89-5CB279ECEB0D}.Release|Any CPU.ActiveCfg = Release|Any CPU
		{9E569F18-DD0C-448E-9B89-5CB279ECEB0D}.Release|Any CPU.Build.0 = Release|Any CPU
		{9E569F18-DD0C-448E-9B89-5CB279ECEB0D}.Release|Any CPU.Deploy.0 = Release|Any CPU
		{9E569F18-DD0C-448E-9B89-5CB279ECEB0D}.Release|ARM.ActiveCfg = Release|Any CPU
		{9E569F18-DD0C-448E-9B89-5CB279ECEB0D}.Release|ARM.Build.0 = Release|Any CPU
		{9E569F18-DD0C-448E-9B89-5CB279ECEB0D}.Release|ARM.Deploy.0 = Release|Any CPU
		{9E569F18-DD0C-448E-9B89-5CB279ECEB0D}.Release|iPhone.ActiveCfg = Release|Any CPU
		{9E569F18-DD0C-448E-9B89-5CB279ECEB0D}.Release|iPhone.Build.0 = Release|Any CPU
		{9E569F18-DD0C-448E-9B89-5CB279ECEB0D}.Release|iPhone.Deploy.0 = Release|Any CPU
		{9E569F18-DD0C-448E-9B89-5CB279ECEB0D}.Release|iPhoneSimulator.ActiveCfg = Release|Any CPU
		{9E569F18-DD0C-448E-9B89-5CB279ECEB0D}.Release|iPhoneSimulator.Build.0 = Release|Any CPU
		{9E569F18-DD0C-448E-9B89-5CB279ECEB0D}.Release|iPhoneSimulator.Deploy.0 = Release|Any CPU
		{9E569F18-DD0C-448E-9B89-5CB279ECEB0D}.Release|x64.ActiveCfg = Release|Any CPU
		{9E569F18-DD0C-448E-9B89-5CB279ECEB0D}.Release|x64.Build.0 = Release|Any CPU
		{9E569F18-DD0C-448E-9B89-5CB279ECEB0D}.Release|x64.Deploy.0 = Release|Any CPU
		{9E569F18-DD0C-448E-9B89-5CB279ECEB0D}.Release|x86.ActiveCfg = Release|Any CPU
		{9E569F18-DD0C-448E-9B89-5CB279ECEB0D}.Release|x86.Build.0 = Release|Any CPU
		{9E569F18-DD0C-448E-9B89-5CB279ECEB0D}.Release|x86.Deploy.0 = Release|Any CPU
	EndGlobalSection
	GlobalSection(SolutionProperties) = preSolution
		HideSolutionNode = FALSE
	EndGlobalSection
	GlobalSection(ExtensibilityGlobals) = postSolution
		SolutionGuid = {9AAC62EA-B59D-44CE-8D03-9014A928D2F2}
	EndGlobalSection
EndGlobal
