
Microsoft Visual Studio Solution File, Format Version 12.00
# Visual Studio Version 17
VisualStudioVersion = 17.3.32929.385
MinimumVisualStudioVersion = 10.0.40219.1
Project("{FAE04EC0-301F-11D3-BF4B-00C04F79EFBC}") = "PrimeiroEvento.UWP", "PrimeiroEvento\PrimeiroEvento.UWP\PrimeiroEvento.UWP.csproj", "{8FA0FEA4-3A09-47CC-BBFB-A79C38E67157}"
EndProject
Project("{FAE04EC0-301F-11D3-BF4B-00C04F79EFBC}") = "PrimeiroEvento.Android", "PrimeiroEvento\PrimeiroEvento.Android\PrimeiroEvento.Android.csproj", "{08AD3B01-9202-46AA-B1C0-89150B0B3BC9}"
EndProject
Project("{FAE04EC0-301F-11D3-BF4B-00C04F79EFBC}") = "PrimeiroEvento.iOS", "PrimeiroEvento\PrimeiroEvento.iOS\PrimeiroEvento.iOS.csproj", "{BA49C54E-0778-4526-881D-0AA66E2D88A0}"
EndProject
Project("{FAE04EC0-301F-11D3-BF4B-00C04F79EFBC}") = "PrimeiroEvento", "PrimeiroEvento\PrimeiroEvento\PrimeiroEvento.csproj", "{67128130-0ADB-45CE-B087-748EE5F54534}"
EndProject
Global
	GlobalSection(SolutionConfigurationPlatforms) = preSolution
		Debug|Any CPU = Debug|Any CPU
		Debug|ARM = Debug|ARM
		Debug|iPhone = Debug|iPhone
		Debug|iPhoneSimulator = Debug|iPhoneSimulator
		Debug|x64 = Debug|x64
		Debug|x86 = Debug|x86
		Release|Any CPU = Release|Any CPU
		Release|ARM = Release|ARM
		Release|iPhone = Release|iPhone
		Release|iPhoneSimulator = Release|iPhoneSimulator
		Release|x64 = Release|x64
		Release|x86 = Release|x86
	EndGlobalSection
	GlobalSection(ProjectConfigurationPlatforms) = postSolution
		{8FA0FEA4-3A09-47CC-BBFB-A79C38E67157}.Debug|Any CPU.ActiveCfg = Debug|x64
		{8FA0FEA4-3A09-47CC-BBFB-A79C38E67157}.Debug|Any CPU.Build.0 = Debug|x64
		{8FA0FEA4-3A09-47CC-BBFB-A79C38E67157}.Debug|Any CPU.Deploy.0 = Debug|x64
		{8FA0FEA4-3A09-47CC-BBFB-A79C38E67157}.Debug|ARM.ActiveCfg = Debug|ARM
		{8FA0FEA4-3A09-47CC-BBFB-A79C38E67157}.Debug|ARM.Build.0 = Debug|ARM
		{8FA0FEA4-3A09-47CC-BBFB-A79C38E67157}.Debug|ARM.Deploy.0 = Debug|ARM
		{8FA0FEA4-3A09-47CC-BBFB-A79C38E67157}.Debug|iPhone.ActiveCfg = Debug|x64
		{8FA0FEA4-3A09-47CC-BBFB-A79C38E67157}.Debug|iPhone.Build.0 = Debug|x64
		{8FA0FEA4-3A09-47CC-BBFB-A79C38E67157}.Debug|iPhone.Deploy.0 = Debug|x64
		{8FA0FEA4-3A09-47CC-BBFB-A79C38E67157}.Debug|iPhoneSimulator.ActiveCfg = Debug|x64
		{8FA0FEA4-3A09-47CC-BBFB-A79C38E67157}.Debug|iPhoneSimulator.Build.0 = Debug|x64
		{8FA0FEA4-3A09-47CC-BBFB-A79C38E67157}.Debug|iPhoneSimulator.Deploy.0 = Debug|x64
		{8FA0FEA4-3A09-47CC-BBFB-A79C38E67157}.Debug|x64.ActiveCfg = Debug|x64
		{8FA0FEA4-3A09-47CC-BBFB-A79C38E67157}.Debug|x64.Build.0 = Debug|x64
		{8FA0FEA4-3A09-47CC-BBFB-A79C38E67157}.Debug|x64.Deploy.0 = Debug|x64
		{8FA0FEA4-3A09-47CC-BBFB-A79C38E67157}.Debug|x86.ActiveCfg = Debug|x86
		{8FA0FEA4-3A09-47CC-BBFB-A79C38E67157}.Debug|x86.Build.0 = Debug|x86
		{8FA0FEA4-3A09-47CC-BBFB-A79C38E67157}.Debug|x86.Deploy.0 = Debug|x86
		{8FA0FEA4-3A09-47CC-BBFB-A79C38E67157}.Release|Any CPU.ActiveCfg = Release|x64
		{8FA0FEA4-3A09-47CC-BBFB-A79C38E67157}.Release|Any CPU.Build.0 = Release|x64
		{8FA0FEA4-3A09-47CC-BBFB-A79C38E67157}.Release|Any CPU.Deploy.0 = Release|x64
		{8FA0FEA4-3A09-47CC-BBFB-A79C38E67157}.Release|ARM.ActiveCfg = Release|ARM
		{8FA0FEA4-3A09-47CC-BBFB-A79C38E67157}.Release|ARM.Build.0 = Release|ARM
		{8FA0FEA4-3A09-47CC-BBFB-A79C38E67157}.Release|ARM.Deploy.0 = Release|ARM
		{8FA0FEA4-3A09-47CC-BBFB-A79C38E67157}.Release|iPhone.ActiveCfg = Release|x64
		{8FA0FEA4-3A09-47CC-BBFB-A79C38E67157}.Release|iPhone.Build.0 = Release|x64
		{8FA0FEA4-3A09-47CC-BBFB-A79C38E67157}.Release|iPhone.Deploy.0 = Release|x64
		{8FA0FEA4-3A09-47CC-BBFB-A79C38E67157}.Release|iPhoneSimulator.ActiveCfg = Release|x64
		{8FA0FEA4-3A09-47CC-BBFB-A79C38E67157}.Release|iPhoneSimulator.Build.0 = Release|x64
		{8FA0FEA4-3A09-47CC-BBFB-A79C38E67157}.Release|iPhoneSimulator.Deploy.0 = Release|x64
		{8FA0FEA4-3A09-47CC-BBFB-A79C38E67157}.Release|x64.ActiveCfg = Release|x64
		{8FA0FEA4-3A09-47CC-BBFB-A79C38E67157}.Release|x64.Build.0 = Release|x64
		{8FA0FEA4-3A09-47CC-BBFB-A79C38E67157}.Release|x64.Deploy.0 = Release|x64
		{8FA0FEA4-3A09-47CC-BBFB-A79C38E67157}.Release|x86.ActiveCfg = Release|x86
		{8FA0FEA4-3A09-47CC-BBFB-A79C38E67157}.Release|x86.Build.0 = Release|x86
		{8FA0FEA4-3A09-47CC-BBFB-A79C38E67157}.Release|x86.Deploy.0 = Release|x86
		{08AD3B01-9202-46AA-B1C0-89150B0B3BC9}.Debug|Any CPU.ActiveCfg = Debug|Any CPU
		{08AD3B01-9202-46AA-B1C0-89150B0B3BC9}.Debug|Any CPU.Build.0 = Debug|Any CPU
		{08AD3B01-9202-46AA-B1C0-89150B0B3BC9}.Debug|Any CPU.Deploy.0 = Debug|Any CPU
		{08AD3B01-9202-46AA-B1C0-89150B0B3BC9}.Debug|ARM.ActiveCfg = Debug|Any CPU
		{08AD3B01-9202-46AA-B1C0-89150B0B3BC9}.Debug|ARM.Build.0 = Debug|Any CPU
		{08AD3B01-9202-46AA-B1C0-89150B0B3BC9}.Debug|ARM.Deploy.0 = Debug|Any CPU
		{08AD3B01-9202-46AA-B1C0-89150B0B3BC9}.Debug|iPhone.ActiveCfg = Debug|Any CPU
		{08AD3B01-9202-46AA-B1C0-89150B0B3BC9}.Debug|iPhone.Build.0 = Debug|Any CPU
		{08AD3B01-9202-46AA-B1C0-89150B0B3BC9}.Debug|iPhone.Deploy.0 = Debug|Any CPU
		{08AD3B01-9202-46AA-B1C0-89150B0B3BC9}.Debug|iPhoneSimulator.ActiveCfg = Debug|Any CPU
		{08AD3B01-9202-46AA-B1C0-89150B0B3BC9}.Debug|iPhoneSimulator.Build.0 = Debug|Any CPU
		{08AD3B01-9202-46AA-B1C0-89150B0B3BC9}.Debug|iPhoneSimulator.Deploy.0 = Debug|Any CPU
		{08AD3B01-9202-46AA-B1C0-89150B0B3BC9}.Debug|x64.ActiveCfg = Debug|Any CPU
		{08AD3B01-9202-46AA-B1C0-89150B0B3BC9}.Debug|x64.Build.0 = Debug|Any CPU
		{08AD3B01-9202-46AA-B1C0-89150B0B3BC9}.Debug|x64.Deploy.0 = Debug|Any CPU
		{08AD3B01-9202-46AA-B1C0-89150B0B3BC9}.Debug|x86.ActiveCfg = Debug|Any CPU
		{08AD3B01-9202-46AA-B1C0-89150B0B3BC9}.Debug|x86.Build.0 = Debug|Any CPU
		{08AD3B01-9202-46AA-B1C0-89150B0B3BC9}.Debug|x86.Deploy.0 = Debug|Any CPU
		{08AD3B01-9202-46AA-B1C0-89150B0B3BC9}.Release|Any CPU.ActiveCfg = Release|Any CPU
		{08AD3B01-9202-46AA-B1C0-89150B0B3BC9}.Release|Any CPU.Build.0 = Release|Any CPU
		{08AD3B01-9202-46AA-B1C0-89150B0B3BC9}.Release|Any CPU.Deploy.0 = Release|Any CPU
		{08AD3B01-9202-46AA-B1C0-89150B0B3BC9}.Release|ARM.ActiveCfg = Release|Any CPU
		{08AD3B01-9202-46AA-B1C0-89150B0B3BC9}.Release|ARM.Build.0 = Release|Any CPU
		{08AD3B01-9202-46AA-B1C0-89150B0B3BC9}.Release|ARM.Deploy.0 = Release|Any CPU
		{08AD3B01-9202-46AA-B1C0-89150B0B3BC9}.Release|iPhone.ActiveCfg = Release|Any CPU
		{08AD3B01-9202-46AA-B1C0-89150B0B3BC9}.Release|iPhone.Build.0 = Release|Any CPU
		{08AD3B01-9202-46AA-B1C0-89150B0B3BC9}.Release|iPhone.Deploy.0 = Release|Any CPU
		{08AD3B01-9202-46AA-B1C0-89150B0B3BC9}.Release|iPhoneSimulator.ActiveCfg = Release|Any CPU
		{08AD3B01-9202-46AA-B1C0-89150B0B3BC9}.Release|iPhoneSimulator.Build.0 = Release|Any CPU
		{08AD3B01-9202-46AA-B1C0-89150B0B3BC9}.Release|iPhoneSimulator.Deploy.0 = Release|Any CPU
		{08AD3B01-9202-46AA-B1C0-89150B0B3BC9}.Release|x64.ActiveCfg = Release|Any CPU
		{08AD3B01-9202-46AA-B1C0-89150B0B3BC9}.Release|x64.Build.0 = Release|Any CPU
		{08AD3B01-9202-46AA-B1C0-89150B0B3BC9}.Release|x64.Deploy.0 = Release|Any CPU
		{08AD3B01-9202-46AA-B1C0-89150B0B3BC9}.Release|x86.ActiveCfg = Release|Any CPU
		{08AD3B01-9202-46AA-B1C0-89150B0B3BC9}.Release|x86.Build.0 = Release|Any CPU
		{08AD3B01-9202-46AA-B1C0-89150B0B3BC9}.Release|x86.Deploy.0 = Release|Any CPU
		{BA49C54E-0778-4526-881D-0AA66E2D88A0}.Debug|Any CPU.ActiveCfg = Debug|iPhoneSimulator
		{BA49C54E-0778-4526-881D-0AA66E2D88A0}.Debug|Any CPU.Build.0 = Debug|iPhoneSimulator
		{BA49C54E-0778-4526-881D-0AA66E2D88A0}.Debug|Any CPU.Deploy.0 = Debug|iPhoneSimulator
		{BA49C54E-0778-4526-881D-0AA66E2D88A0}.Debug|ARM.ActiveCfg = Debug|iPhoneSimulator
		{BA49C54E-0778-4526-881D-0AA66E2D88A0}.Debug|ARM.Build.0 = Debug|iPhoneSimulator
		{BA49C54E-0778-4526-881D-0AA66E2D88A0}.Debug|ARM.Deploy.0 = Debug|iPhoneSimulator
		{BA49C54E-0778-4526-881D-0AA66E2D88A0}.Debug|iPhone.ActiveCfg = Debug|iPhone
		{BA49C54E-0778-4526-881D-0AA66E2D88A0}.Debug|iPhone.Build.0 = Debug|iPhone
		{BA49C54E-0778-4526-881D-0AA66E2D88A0}.Debug|iPhone.Deploy.0 = Debug|iPhone
		{BA49C54E-0778-4526-881D-0AA66E2D88A0}.Debug|iPhoneSimulator.ActiveCfg = Debug|iPhoneSimulator
		{BA49C54E-0778-4526-881D-0AA66E2D88A0}.Debug|iPhoneSimulator.Build.0 = Debug|iPhoneSimulator
		{BA49C54E-0778-4526-881D-0AA66E2D88A0}.Debug|iPhoneSimulator.Deploy.0 = Debug|iPhoneSimulator
		{BA49C54E-0778-4526-881D-0AA66E2D88A0}.Debug|x64.ActiveCfg = Debug|iPhone
		{BA49C54E-0778-4526-881D-0AA66E2D88A0}.Debug|x64.Build.0 = Debug|iPhone
		{BA49C54E-0778-4526-881D-0AA66E2D88A0}.Debug|x64.Deploy.0 = Debug|iPhone
		{BA49C54E-0778-4526-881D-0AA66E2D88A0}.Debug|x86.ActiveCfg = Debug|iPhoneSimulator
		{BA49C54E-0778-4526-881D-0AA66E2D88A0}.Debug|x86.Build.0 = Debug|iPhoneSimulator
		{BA49C54E-0778-4526-881D-0AA66E2D88A0}.Debug|x86.Deploy.0 = Debug|iPhoneSimulator
		{BA49C54E-0778-4526-881D-0AA66E2D88A0}.Release|Any CPU.ActiveCfg = Release|iPhoneSimulator
		{BA49C54E-0778-4526-881D-0AA66E2D88A0}.Release|Any CPU.Build.0 = Release|iPhoneSimulator
		{BA49C54E-0778-4526-881D-0AA66E2D88A0}.Release|Any CPU.Deploy.0 = Release|iPhoneSimulator
		{BA49C54E-0778-4526-881D-0AA66E2D88A0}.Release|ARM.ActiveCfg = Release|iPhoneSimulator
		{BA49C54E-0778-4526-881D-0AA66E2D88A0}.Release|ARM.Build.0 = Release|iPhoneSimulator
		{BA49C54E-0778-4526-881D-0AA66E2D88A0}.Release|ARM.Deploy.0 = Release|iPhoneSimulator
		{BA49C54E-0778-4526-881D-0AA66E2D88A0}.Release|iPhone.ActiveCfg = Release|iPhone
		{BA49C54E-0778-4526-881D-0AA66E2D88A0}.Release|iPhone.Build.0 = Release|iPhone
		{BA49C54E-0778-4526-881D-0AA66E2D88A0}.Release|iPhone.Deploy.0 = Release|iPhone
		{BA49C54E-0778-4526-881D-0AA66E2D88A0}.Release|iPhoneSimulator.ActiveCfg = Release|iPhoneSimulator
		{BA49C54E-0778-4526-881D-0AA66E2D88A0}.Release|iPhoneSimulator.Build.0 = Release|iPhoneSimulator
		{BA49C54E-0778-4526-881D-0AA66E2D88A0}.Release|iPhoneSimulator.Deploy.0 = Release|iPhoneSimulator
		{BA49C54E-0778-4526-881D-0AA66E2D88A0}.Release|x64.ActiveCfg = Release|iPhoneSimulator
		{BA49C54E-0778-4526-881D-0AA66E2D88A0}.Release|x64.Build.0 = Release|iPhoneSimulator
		{BA49C54E-0778-4526-881D-0AA66E2D88A0}.Release|x64.Deploy.0 = Release|iPhoneSimulator
		{BA49C54E-0778-4526-881D-0AA66E2D88A0}.Release|x86.ActiveCfg = Release|iPhoneSimulator
		{BA49C54E-0778-4526-881D-0AA66E2D88A0}.Release|x86.Build.0 = Release|iPhoneSimulator
		{BA49C54E-0778-4526-881D-0AA66E2D88A0}.Release|x86.Deploy.0 = Release|iPhoneSimulator
		{67128130-0ADB-45CE-B087-748EE5F54534}.Debug|Any CPU.ActiveCfg = Debug|Any CPU
		{67128130-0ADB-45CE-B087-748EE5F54534}.Debug|Any CPU.Build.0 = Debug|Any CPU
		{67128130-0ADB-45CE-B087-748EE5F54534}.Debug|Any CPU.Deploy.0 = Debug|Any CPU
		{67128130-0ADB-45CE-B087-748EE5F54534}.Debug|ARM.ActiveCfg = Debug|Any CPU
		{67128130-0ADB-45CE-B087-748EE5F54534}.Debug|ARM.Build.0 = Debug|Any CPU
		{67128130-0ADB-45CE-B087-748EE5F54534}.Debug|ARM.Deploy.0 = Debug|Any CPU
		{67128130-0ADB-45CE-B087-748EE5F54534}.Debug|iPhone.ActiveCfg = Debug|Any CPU
		{67128130-0ADB-45CE-B087-748EE5F54534}.Debug|iPhone.Build.0 = Debug|Any CPU
		{67128130-0ADB-45CE-B087-748EE5F54534}.Debug|iPhone.Deploy.0 = Debug|Any CPU
		{67128130-0ADB-45CE-B087-748EE5F54534}.Debug|iPhoneSimulator.ActiveCfg = Debug|Any CPU
		{67128130-0ADB-45CE-B087-748EE5F54534}.Debug|iPhoneSimulator.Build.0 = Debug|Any CPU
		{67128130-0ADB-45CE-B087-748EE5F54534}.Debug|iPhoneSimulator.Deploy.0 = Debug|Any CPU
		{67128130-0ADB-45CE-B087-748EE5F54534}.Debug|x64.ActiveCfg = Debug|Any CPU
		{67128130-0ADB-45CE-B087-748EE5F54534}.Debug|x64.Build.0 = Debug|Any CPU
		{67128130-0ADB-45CE-B087-748EE5F54534}.Debug|x64.Deploy.0 = Debug|Any CPU
		{67128130-0ADB-45CE-B087-748EE5F54534}.Debug|x86.ActiveCfg = Debug|Any CPU
		{67128130-0ADB-45CE-B087-748EE5F54534}.Debug|x86.Build.0 = Debug|Any CPU
		{67128130-0ADB-45CE-B087-748EE5F54534}.Debug|x86.Deploy.0 = Debug|Any CPU
		{67128130-0ADB-45CE-B087-748EE5F54534}.Release|Any CPU.ActiveCfg = Release|Any CPU
		{67128130-0ADB-45CE-B087-748EE5F54534}.Release|Any CPU.Build.0 = Release|Any CPU
		{67128130-0ADB-45CE-B087-748EE5F54534}.Release|Any CPU.Deploy.0 = Release|Any CPU
		{67128130-0ADB-45CE-B087-748EE5F54534}.Release|ARM.ActiveCfg = Release|Any CPU
		{67128130-0ADB-45CE-B087-748EE5F54534}.Release|ARM.Build.0 = Release|Any CPU
		{67128130-0ADB-45CE-B087-748EE5F54534}.Release|ARM.Deploy.0 = Release|Any CPU
		{67128130-0ADB-45CE-B087-748EE5F54534}.Release|iPhone.ActiveCfg = Release|Any CPU
		{67128130-0ADB-45CE-B087-748EE5F54534}.Release|iPhone.Build.0 = Release|Any CPU
		{67128130-0ADB-45CE-B087-748EE5F54534}.Release|iPhone.Deploy.0 = Release|Any CPU
		{67128130-0ADB-45CE-B087-748EE5F54534}.Release|iPhoneSimulator.ActiveCfg = Release|Any CPU
		{67128130-0ADB-45CE-B087-748EE5F54534}.Release|iPhoneSimulator.Build.0 = Release|Any CPU
		{67128130-0ADB-45CE-B087-748EE5F54534}.Release|iPhoneSimulator.Deploy.0 = Release|Any CPU
		{67128130-0ADB-45CE-B087-748EE5F54534}.Release|x64.ActiveCfg = Release|Any CPU
		{67128130-0ADB-45CE-B087-748EE5F54534}.Release|x64.Build.0 = Release|Any CPU
		{67128130-0ADB-45CE-B087-748EE5F54534}.Release|x64.Deploy.0 = Release|Any CPU
		{67128130-0ADB-45CE-B087-748EE5F54534}.Release|x86.ActiveCfg = Release|Any CPU
		{67128130-0ADB-45CE-B087-748EE5F54534}.Release|x86.Build.0 = Release|Any CPU
		{67128130-0ADB-45CE-B087-748EE5F54534}.Release|x86.Deploy.0 = Release|Any CPU
	EndGlobalSection
	GlobalSection(SolutionProperties) = preSolution
		HideSolutionNode = FALSE
	EndGlobalSection
	GlobalSection(ExtensibilityGlobals) = postSolution
		SolutionGuid = {31341389-473E-422D-A6C8-C83E1DA9F643}
	EndGlobalSection
EndGlobal
